{
  "version": 4,
  "terraform_version": "1.1.7",
  "serial": 855,
  "lineage": "b8488570-ca34-8faa-7f08-33d289f4fef9",
  "outputs": {
    "back_host": {
      "value": "internal-ALB-Backend-1703911074.us-west-1.elb.amazonaws.com",
      "type": "string"
    },
    "rds": {
      "value": "terraform-20220404210009611100000001.cx02uzagq3fl.us-west-1.rds.amazonaws.com",
      "type": "string"
    }
  },
  "resources": [
    {
      "mode": "data",
      "type": "aws_subnet",
      "name": "ramp_up_training-private-0",
      "provider": "provider[\"registry.terraform.io/hashicorp/aws\"]",
      "instances": [
        {
          "schema_version": 0,
          "attributes": {
            "arn": "arn:aws:ec2:us-west-1:961518039473:subnet/subnet-0d74b59773148d704",
            "assign_ipv6_address_on_creation": false,
            "availability_zone": "us-west-1a",
            "availability_zone_id": "usw1-az1",
            "available_ip_address_count": 2035,
            "cidr_block": "10.1.80.0/21",
            "customer_owned_ipv4_pool": "",
            "default_for_az": false,
            "enable_dns64": false,
            "enable_resource_name_dns_a_record_on_launch": false,
            "enable_resource_name_dns_aaaa_record_on_launch": false,
            "filter": null,
            "id": "subnet-0d74b59773148d704",
            "ipv6_cidr_block": "",
            "ipv6_cidr_block_association_id": "",
            "ipv6_native": false,
            "map_customer_owned_ip_on_launch": false,
            "map_public_ip_on_launch": false,
            "outpost_arn": "",
            "owner_id": "961518039473",
            "private_dns_hostname_type_on_launch": "ip-name",
            "state": "available",
            "tags": {
              "Name": "ramp_up_training-private-0"
            },
            "vpc_id": "vpc-0d2831659ef89870c"
          },
          "sensitive_attributes": []
        }
      ]
    },
    {
      "mode": "data",
      "type": "aws_subnet",
      "name": "ramp_up_training-private-1",
      "provider": "provider[\"registry.terraform.io/hashicorp/aws\"]",
      "instances": [
        {
          "schema_version": 0,
          "attributes": {
            "arn": "arn:aws:ec2:us-west-1:961518039473:subnet/subnet-038fa9d9a69d6561e",
            "assign_ipv6_address_on_creation": false,
            "availability_zone": "us-west-1c",
            "availability_zone_id": "usw1-az3",
            "available_ip_address_count": 2036,
            "cidr_block": "10.1.88.0/21",
            "customer_owned_ipv4_pool": "",
            "default_for_az": false,
            "enable_dns64": false,
            "enable_resource_name_dns_a_record_on_launch": false,
            "enable_resource_name_dns_aaaa_record_on_launch": false,
            "filter": null,
            "id": "subnet-038fa9d9a69d6561e",
            "ipv6_cidr_block": "",
            "ipv6_cidr_block_association_id": "",
            "ipv6_native": false,
            "map_customer_owned_ip_on_launch": false,
            "map_public_ip_on_launch": false,
            "outpost_arn": "",
            "owner_id": "961518039473",
            "private_dns_hostname_type_on_launch": "ip-name",
            "state": "available",
            "tags": {
              "Name": "ramp_up_training-private-1"
            },
            "vpc_id": "vpc-0d2831659ef89870c"
          },
          "sensitive_attributes": []
        }
      ]
    },
    {
      "mode": "data",
      "type": "aws_subnet",
      "name": "ramp_up_training-public-1",
      "provider": "provider[\"registry.terraform.io/hashicorp/aws\"]",
      "instances": [
        {
          "schema_version": 0,
          "attributes": {
            "arn": "arn:aws:ec2:us-west-1:961518039473:subnet/subnet-055c41fce697f9cca",
            "assign_ipv6_address_on_creation": false,
            "availability_zone": "us-west-1c",
            "availability_zone_id": "usw1-az3",
            "available_ip_address_count": 2026,
            "cidr_block": "10.1.8.0/21",
            "customer_owned_ipv4_pool": "",
            "default_for_az": false,
            "enable_dns64": false,
            "enable_resource_name_dns_a_record_on_launch": false,
            "enable_resource_name_dns_aaaa_record_on_launch": false,
            "filter": null,
            "id": "subnet-055c41fce697f9cca",
            "ipv6_cidr_block": "",
            "ipv6_cidr_block_association_id": "",
            "ipv6_native": false,
            "map_customer_owned_ip_on_launch": false,
            "map_public_ip_on_launch": true,
            "outpost_arn": "",
            "owner_id": "961518039473",
            "private_dns_hostname_type_on_launch": "ip-name",
            "state": "available",
            "tags": {
              "Name": "ramp_up_training-public-1"
            },
            "vpc_id": "vpc-0d2831659ef89870c"
          },
          "sensitive_attributes": []
        }
      ]
    },
    {
      "mode": "data",
      "type": "aws_vpc",
      "name": "ramp_up_training_vpc",
      "provider": "provider[\"registry.terraform.io/hashicorp/aws\"]",
      "instances": [
        {
          "schema_version": 0,
          "attributes": {
            "arn": "arn:aws:ec2:us-west-1:961518039473:vpc/vpc-0d2831659ef89870c",
            "cidr_block": "10.1.0.0/16",
            "cidr_block_associations": [
              {
                "association_id": "vpc-cidr-assoc-01815efd6a5df2a0a",
                "cidr_block": "10.1.0.0/16",
                "state": "associated"
              }
            ],
            "default": false,
            "dhcp_options_id": "dopt-553f7230",
            "enable_dns_hostnames": true,
            "enable_dns_support": true,
            "filter": null,
            "id": "vpc-0d2831659ef89870c",
            "instance_tenancy": "default",
            "ipv6_association_id": "",
            "ipv6_cidr_block": "",
            "main_route_table_id": "rtb-03654b638b2fa05dc",
            "owner_id": "961518039473",
            "state": null,
            "tags": {
              "Name": "ramp_up_training"
            }
          },
          "sensitive_attributes": []
        }
      ]
    },
    {
      "mode": "data",
      "type": "external",
      "name": "findmyip",
      "provider": "provider[\"registry.terraform.io/hashicorp/external\"]",
      "instances": [
        {
          "schema_version": 0,
          "attributes": {
            "id": "-",
            "program": [
              "/bin/bash",
              "./findmyip.sh"
            ],
            "query": null,
            "result": {
              "internet_ip": "181.130.2.24"
            },
            "working_dir": null
          },
          "sensitive_attributes": []
        }
      ]
    },
    {
      "mode": "managed",
      "type": "aws_autoscaling_group",
      "name": "AS-Backend",
      "provider": "provider[\"registry.terraform.io/hashicorp/aws\"]",
      "instances": [
        {
          "schema_version": 0,
          "attributes": {
            "arn": "arn:aws:autoscaling:us-west-1:961518039473:autoScalingGroup:f3bf0da7-5469-4ccd-b69f-7d0f6461bb8f:autoScalingGroupName/AS-Backend",
            "availability_zones": [
              "us-west-1a"
            ],
            "capacity_rebalance": false,
            "default_cooldown": 300,
            "desired_capacity": 2,
            "enabled_metrics": null,
            "force_delete": false,
            "force_delete_warm_pool": false,
            "health_check_grace_period": 300,
            "health_check_type": "EC2",
            "id": "AS-Backend",
            "initial_lifecycle_hook": [],
            "instance_refresh": [],
            "launch_configuration": "",
            "launch_template": [
              {
                "id": "lt-08dfb398fa3dff740",
                "name": "Template-Backend",
                "version": "$Latest"
              }
            ],
            "load_balancers": null,
            "max_instance_lifetime": 0,
            "max_size": 3,
            "metrics_granularity": "1Minute",
            "min_elb_capacity": null,
            "min_size": 1,
            "mixed_instances_policy": [],
            "name": "AS-Backend",
            "name_prefix": "",
            "placement_group": "",
            "protect_from_scale_in": false,
            "service_linked_role_arn": "arn:aws:iam::961518039473:role/aws-service-role/autoscaling.amazonaws.com/AWSServiceRoleForAutoScaling",
            "suspended_processes": null,
            "tag": [],
            "tags": [
              {
                "key": "Name",
                "propagate_at_launch": "true",
                "value": "Backend-movie-analyst"
              },
              {
                "key": "project",
                "propagate_at_launch": "true",
                "value": "ramp-up-devops"
              },
              {
                "key": "responsible",
                "propagate_at_launch": "true",
                "value": "mateo.rincona"
              }
            ],
            "target_group_arns": [
              "arn:aws:elasticloadbalancing:us-west-1:961518039473:targetgroup/TG-Backend/dab3b50ca09ae876"
            ],
            "termination_policies": null,
            "timeouts": null,
            "vpc_zone_identifier": [
              "subnet-0d74b59773148d704"
            ],
            "wait_for_capacity_timeout": "10m",
            "wait_for_elb_capacity": null,
            "warm_pool": []
          },
          "sensitive_attributes": [],
          "private": "eyJlMmJmYjczMC1lY2FhLTExZTYtOGY4OC0zNDM2M2JjN2M0YzAiOnsiZGVsZXRlIjo2MDAwMDAwMDAwMDB9fQ==",
          "dependencies": [
            "aws_db_instance.RDS-movie-analyst",
            "aws_db_subnet_group.subnet-rds-movie-analyst",
            "aws_key_pair.mateorincona",
            "aws_launch_template.Template-Backend",
            "aws_lb_target_group.TG-Backend",
            "aws_security_group.SG-Backend-LB",
            "aws_security_group.SG-Backend-movie-analyst",
            "aws_security_group.SG-Bastion-movie-analyst",
            "aws_security_group.SG-Frontend-LB",
            "aws_security_group.SG-Frontend-movie-analyst",
            "data.aws_subnet.ramp_up_training-private-0",
            "data.aws_subnet.ramp_up_training-private-1",
            "data.aws_vpc.ramp_up_training_vpc",
            "data.external.findmyip",
            "tls_private_key.key"
          ]
        }
      ]
    },
    {
      "mode": "managed",
      "type": "aws_autoscaling_group",
      "name": "AS-Frontend",
      "provider": "provider[\"registry.terraform.io/hashicorp/aws\"]",
      "instances": [
        {
          "schema_version": 0,
          "attributes": {
            "arn": "arn:aws:autoscaling:us-west-1:961518039473:autoScalingGroup:ccf4e32e-b679-489d-98fe-90e4449df690:autoScalingGroupName/AS-Frontend",
            "availability_zones": [
              "us-west-1c"
            ],
            "capacity_rebalance": false,
            "default_cooldown": 300,
            "desired_capacity": 2,
            "enabled_metrics": null,
            "force_delete": false,
            "force_delete_warm_pool": false,
            "health_check_grace_period": 300,
            "health_check_type": "EC2",
            "id": "AS-Frontend",
            "initial_lifecycle_hook": [],
            "instance_refresh": [],
            "launch_configuration": "",
            "launch_template": [
              {
                "id": "lt-0112bf89a61d6ffc4",
                "name": "Template-Frontend",
                "version": "$Latest"
              }
            ],
            "load_balancers": null,
            "max_instance_lifetime": 0,
            "max_size": 3,
            "metrics_granularity": "1Minute",
            "min_elb_capacity": null,
            "min_size": 1,
            "mixed_instances_policy": [],
            "name": "AS-Frontend",
            "name_prefix": "",
            "placement_group": "",
            "protect_from_scale_in": false,
            "service_linked_role_arn": "arn:aws:iam::961518039473:role/aws-service-role/autoscaling.amazonaws.com/AWSServiceRoleForAutoScaling",
            "suspended_processes": null,
            "tag": [],
            "tags": [
              {
                "key": "Name",
                "propagate_at_launch": "true",
                "value": "Frontend-movie-analyst"
              },
              {
                "key": "project",
                "propagate_at_launch": "true",
                "value": "ramp-up-devops"
              },
              {
                "key": "responsible",
                "propagate_at_launch": "true",
                "value": "mateo.rincona"
              }
            ],
            "target_group_arns": [
              "arn:aws:elasticloadbalancing:us-west-1:961518039473:targetgroup/TG-Frontend/11eada619124042b"
            ],
            "termination_policies": null,
            "timeouts": null,
            "vpc_zone_identifier": [
              "subnet-055c41fce697f9cca"
            ],
            "wait_for_capacity_timeout": "10m",
            "wait_for_elb_capacity": null,
            "warm_pool": []
          },
          "sensitive_attributes": [],
          "private": "eyJlMmJmYjczMC1lY2FhLTExZTYtOGY4OC0zNDM2M2JjN2M0YzAiOnsiZGVsZXRlIjo2MDAwMDAwMDAwMDB9fQ==",
          "dependencies": [
            "aws_key_pair.mateorincona",
            "aws_launch_template.Template-Frontend",
            "aws_lb.ALB-Backend",
            "aws_lb_target_group.TG-Frontend",
            "aws_security_group.SG-Backend-LB",
            "aws_security_group.SG-Bastion-movie-analyst",
            "aws_security_group.SG-Frontend-LB",
            "aws_security_group.SG-Frontend-movie-analyst",
            "data.aws_subnet.ramp_up_training-private-0",
            "data.aws_subnet.ramp_up_training-private-1",
            "data.aws_subnet.ramp_up_training-public-1",
            "data.aws_vpc.ramp_up_training_vpc",
            "data.external.findmyip",
            "tls_private_key.key"
          ]
        }
      ]
    },
    {
      "mode": "managed",
      "type": "aws_db_instance",
      "name": "RDS-movie-analyst",
      "provider": "provider[\"registry.terraform.io/hashicorp/aws\"]",
      "instances": [
        {
          "schema_version": 1,
          "attributes": {
            "address": "terraform-20220404210009611100000001.cx02uzagq3fl.us-west-1.rds.amazonaws.com",
            "allocated_storage": 20,
            "allow_major_version_upgrade": null,
            "apply_immediately": null,
            "arn": "arn:aws:rds:us-west-1:961518039473:db:terraform-20220404210009611100000001",
            "auto_minor_version_upgrade": true,
            "availability_zone": "us-west-1a",
            "backup_retention_period": 0,
            "backup_window": "06:00-06:30",
            "ca_cert_identifier": "rds-ca-2019",
            "character_set_name": "",
            "copy_tags_to_snapshot": false,
            "customer_owned_ip_enabled": false,
            "db_name": "RdsMovieAnalyst",
            "db_subnet_group_name": "subnet-rds-movie-analyst",
            "delete_automated_backups": true,
            "deletion_protection": false,
            "domain": "",
            "domain_iam_role_name": "",
            "enabled_cloudwatch_logs_exports": null,
            "endpoint": "terraform-20220404210009611100000001.cx02uzagq3fl.us-west-1.rds.amazonaws.com:3306",
            "engine": "mysql",
            "engine_version": "8.0.27",
            "engine_version_actual": "8.0.27",
            "final_snapshot_identifier": null,
            "hosted_zone_id": "Z10WI91S59XXQN",
            "iam_database_authentication_enabled": false,
            "id": "terraform-20220404210009611100000001",
            "identifier": "terraform-20220404210009611100000001",
            "identifier_prefix": "terraform-",
            "instance_class": "db.t2.micro",
            "iops": 0,
            "kms_key_id": "",
            "latest_restorable_time": "0001-01-01T00:00:00Z",
            "license_model": "general-public-license",
            "maintenance_window": "sun:10:10-sun:10:40",
            "max_allocated_storage": 1000,
            "monitoring_interval": 0,
            "monitoring_role_arn": "",
            "multi_az": false,
            "name": "RdsMovieAnalyst",
            "nchar_character_set_name": "",
            "option_group_name": "default:mysql-8-0",
            "parameter_group_name": "default.mysql8.0",
            "password": "applicationuser",
            "performance_insights_enabled": false,
            "performance_insights_kms_key_id": "",
            "performance_insights_retention_period": 0,
            "port": 3306,
            "publicly_accessible": false,
            "replica_mode": "",
            "replicas": [],
            "replicate_source_db": "",
            "resource_id": "db-NL6PRBLSPYJHFDHDLXOC5TBWSQ",
            "restore_to_point_in_time": [],
            "s3_import": [],
            "security_group_names": null,
            "skip_final_snapshot": true,
            "snapshot_identifier": null,
            "status": "available",
            "storage_encrypted": false,
            "storage_type": "gp2",
            "tags": {
              "Name": "SG-Backend-movie-analyst",
              "project": "ramp-up-devops",
              "responsible": "mateo.rincona"
            },
            "tags_all": {
              "Name": "SG-Backend-movie-analyst",
              "project": "ramp-up-devops",
              "responsible": "mateo.rincona"
            },
            "timeouts": null,
            "timezone": "",
            "username": "applicationuser",
            "vpc_security_group_ids": [
              "sg-03cce5a0728fbc43a"
            ]
          },
          "sensitive_attributes": [],
          "private": "eyJlMmJmYjczMC1lY2FhLTExZTYtOGY4OC0zNDM2M2JjN2M0YzAiOnsiY3JlYXRlIjoyNDAwMDAwMDAwMDAwLCJkZWxldGUiOjM2MDAwMDAwMDAwMDAsInVwZGF0ZSI6NDgwMDAwMDAwMDAwMH0sInNjaGVtYV92ZXJzaW9uIjoiMSJ9",
          "dependencies": [
            "aws_db_subnet_group.subnet-rds-movie-analyst",
            "aws_security_group.SG-Backend-LB",
            "aws_security_group.SG-Backend-movie-analyst",
            "aws_security_group.SG-Bastion-movie-analyst",
            "aws_security_group.SG-Frontend-LB",
            "aws_security_group.SG-Frontend-movie-analyst",
            "data.aws_subnet.ramp_up_training-private-0",
            "data.aws_subnet.ramp_up_training-private-1",
            "data.aws_vpc.ramp_up_training_vpc",
            "data.external.findmyip"
          ]
        }
      ]
    },
    {
      "mode": "managed",
      "type": "aws_db_subnet_group",
      "name": "subnet-rds-movie-analyst",
      "provider": "provider[\"registry.terraform.io/hashicorp/aws\"]",
      "instances": [
        {
          "schema_version": 0,
          "attributes": {
            "arn": "arn:aws:rds:us-west-1:961518039473:subgrp:subnet-rds-movie-analyst",
            "description": "Managed by Terraform",
            "id": "subnet-rds-movie-analyst",
            "name": "subnet-rds-movie-analyst",
            "name_prefix": null,
            "subnet_ids": [
              "subnet-038fa9d9a69d6561e",
              "subnet-0d74b59773148d704"
            ],
            "tags": {
              "Name": "SG-Backend-movie-analyst",
              "project": "ramp-up-devops",
              "responsible": "mateo.rincona"
            },
            "tags_all": {
              "Name": "SG-Backend-movie-analyst",
              "project": "ramp-up-devops",
              "responsible": "mateo.rincona"
            }
          },
          "sensitive_attributes": [],
          "private": "bnVsbA==",
          "dependencies": [
            "data.aws_subnet.ramp_up_training-private-0",
            "data.aws_subnet.ramp_up_training-private-1"
          ]
        }
      ]
    },
    {
      "mode": "managed",
      "type": "aws_instance",
      "name": "bastion",
      "provider": "provider[\"registry.terraform.io/hashicorp/aws\"]",
      "instances": [
        {
          "schema_version": 1,
          "attributes": {
            "ami": "ami-009726b835c24a3aa",
            "arn": "arn:aws:ec2:us-west-1:961518039473:instance/i-0fd6ae1469dd8b9e8",
            "associate_public_ip_address": true,
            "availability_zone": "us-west-1c",
            "capacity_reservation_specification": [
              {
                "capacity_reservation_preference": "open",
                "capacity_reservation_target": []
              }
            ],
            "cpu_core_count": 1,
            "cpu_threads_per_core": 1,
            "credit_specification": [
              {
                "cpu_credits": "standard"
              }
            ],
            "disable_api_termination": false,
            "ebs_block_device": [],
            "ebs_optimized": false,
            "enclave_options": [
              {
                "enabled": false
              }
            ],
            "ephemeral_block_device": [],
            "get_password_data": false,
            "hibernation": false,
            "host_id": null,
            "iam_instance_profile": "",
            "id": "i-0fd6ae1469dd8b9e8",
            "instance_initiated_shutdown_behavior": "stop",
            "instance_state": "running",
            "instance_type": "t2.micro",
            "ipv6_address_count": 0,
            "ipv6_addresses": [],
            "key_name": "mateo.rincona",
            "launch_template": [],
            "metadata_options": [
              {
                "http_endpoint": "enabled",
                "http_put_response_hop_limit": 1,
                "http_tokens": "optional",
                "instance_metadata_tags": "disabled"
              }
            ],
            "monitoring": false,
            "network_interface": [],
            "outpost_arn": "",
            "password_data": "",
            "placement_group": "",
            "placement_partition_number": null,
            "primary_network_interface_id": "eni-01221316ac5ffc0ff",
            "private_dns": "ip-10-1-8-5.us-west-1.compute.internal",
            "private_ip": "10.1.8.5",
            "public_dns": "ec2-54-153-55-89.us-west-1.compute.amazonaws.com",
            "public_ip": "54.153.55.89",
            "root_block_device": [
              {
                "delete_on_termination": true,
                "device_name": "/dev/sda1",
                "encrypted": false,
                "iops": 100,
                "kms_key_id": "",
                "tags": {},
                "throughput": 0,
                "volume_id": "vol-06315f575d4db8566",
                "volume_size": 8,
                "volume_type": "gp2"
              }
            ],
            "secondary_private_ips": [],
            "security_groups": [
              "sg-0305bdeab4a6f375b"
            ],
            "source_dest_check": true,
            "subnet_id": "subnet-055c41fce697f9cca",
            "tags": {
              "Name": "Bastion",
              "project": "ramp-up-devops",
              "responsible": "mateo.rincona"
            },
            "tags_all": {
              "Name": "Bastion",
              "project": "ramp-up-devops",
              "responsible": "mateo.rincona"
            },
            "tenancy": "default",
            "timeouts": null,
            "user_data": null,
            "user_data_base64": null,
            "volume_tags": {
              "Name": "Bastion",
              "project": "ramp-up-devops",
              "responsible": "mateo.rincona"
            },
            "vpc_security_group_ids": [
              "sg-0305bdeab4a6f375b"
            ]
          },
          "sensitive_attributes": [],
          "private": "eyJlMmJmYjczMC1lY2FhLTExZTYtOGY4OC0zNDM2M2JjN2M0YzAiOnsiY3JlYXRlIjo2MDAwMDAwMDAwMDAsImRlbGV0ZSI6MTIwMDAwMDAwMDAwMCwidXBkYXRlIjo2MDAwMDAwMDAwMDB9LCJzY2hlbWFfdmVyc2lvbiI6IjEifQ==",
          "dependencies": [
            "aws_key_pair.mateorincona",
            "aws_security_group.SG-Bastion-movie-analyst",
            "data.aws_subnet.ramp_up_training-public-1",
            "data.aws_vpc.ramp_up_training_vpc",
            "data.external.findmyip",
            "tls_private_key.key"
          ]
        }
      ]
    },
    {
      "mode": "managed",
      "type": "aws_key_pair",
      "name": "mateorincona",
      "provider": "provider[\"registry.terraform.io/hashicorp/aws\"]",
      "instances": [
        {
          "schema_version": 1,
          "attributes": {
            "arn": "arn:aws:ec2:us-west-1:961518039473:key-pair/mateo.rincona",
            "fingerprint": "fe:21:33:da:75:1a:6f:5a:3d:70:04:d9:ed:5a:c1:e0",
            "id": "mateo.rincona",
            "key_name": "mateo.rincona",
            "key_name_prefix": "",
            "key_pair_id": "key-08f285796dbfd086c",
            "public_key": "ssh-rsa AAAAB3NzaC1yc2EAAAADAQABAAACAQDcAlJvRkNFQuENKXGN6cEOwB/Va+gd1fAzYBYXVjkeG45hJi/HNQhsJ9Q0t6/xiSoJqiqwmDpC1CnsskhgqQrTltN9gtR2bLkHrdVeXKOgxRkT+EtEEopIhZIO3SeAFqVFro9aOiPEDFGvJZahDEW7iSxO7XFy9FukIcQtMYOkRE7M3zpUyZISlVeleJxMt+tL3qNJBvFJwz3LMde4h6yTarUUrw5Z0yxf0wub9vLvmfGXc+LyUgm1AOWSj44P7XcDkNI0RYI9/xMcPaba0/DtUr+i0UEmTqaThW7135Oi3DAPMuqzjY981xMbjnnm7+SaK9Yw5pw9YDRfm33BXDeLf482eXseNO8P5jZ+Cjd29pEdrgRLqVzax+Se6iPBO66mFNlCxv5yQpAMPWddZr9tiFJjiFVaNivs6VmjIWB4uMFZrj/nVVakOKNZTGY/vWsGnOV0mX3znCufwfQQJSOseKcLQFGRmZDfUP1LxW609bm0GvAYNJPzcW1WdhNyVuaDTv5R2ptjU9el5fxB9nDVBrIidEtJJxfIeT8HcaoySLpjfmVXu1kwlmAhb8wBsL9opTjaYD50eQYOrss/YBvOVN7u2HzCyJbpohTiOaPD/8ckqiQW9A1XzV7EbomUZsysXBrDHiNn56/PwwddNPuPmdpjnHTpzTmp0c3OFd3HBQ==",
            "tags": null,
            "tags_all": {}
          },
          "sensitive_attributes": [],
          "private": "eyJzY2hlbWFfdmVyc2lvbiI6IjEifQ==",
          "dependencies": [
            "tls_private_key.key"
          ]
        }
      ]
    },
    {
      "mode": "managed",
      "type": "aws_launch_template",
      "name": "Template-Backend",
      "provider": "provider[\"registry.terraform.io/hashicorp/aws\"]",
      "instances": [
        {
          "schema_version": 0,
          "attributes": {
            "arn": "arn:aws:ec2:us-west-1:961518039473:launch-template/lt-08dfb398fa3dff740",
            "block_device_mappings": [],
            "capacity_reservation_specification": [],
            "cpu_options": [],
            "credit_specification": [],
            "default_version": 1,
            "description": "Template for auto scaling group for backend movie-analyst-api",
            "disable_api_termination": false,
            "ebs_optimized": "",
            "elastic_gpu_specifications": [],
            "elastic_inference_accelerator": [],
            "enclave_options": [],
            "hibernation_options": [],
            "iam_instance_profile": [],
            "id": "lt-08dfb398fa3dff740",
            "image_id": "ami-009726b835c24a3aa",
            "instance_initiated_shutdown_behavior": "terminate",
            "instance_market_options": [],
            "instance_type": "t2.micro",
            "kernel_id": "",
            "key_name": "mateo.rincona",
            "latest_version": 1,
            "license_specification": [],
            "metadata_options": [],
            "monitoring": [],
            "name": "Template-Backend",
            "name_prefix": "",
            "network_interfaces": [],
            "placement": [],
            "ram_disk_id": "",
            "security_group_names": null,
            "tag_specifications": [
              {
                "resource_type": "instance",
                "tags": {
                  "Name": "Backend",
                  "project": "ramp-up-devops",
                  "responsible": "mateo.rincona"
                }
              },
              {
                "resource_type": "volume",
                "tags": {
                  "project": "ramp-up-devops",
                  "responsible": "mateo.rincona"
                }
              }
            ],
            "tags": null,
            "tags_all": {},
            "update_default_version": null,
            "user_data": "IyEvYmluL2Jhc2gKCiMgVXNlciB0byByb290CnN1ZG8gLUUgc3UKY2QgfgoKIyMgSW5zdGFsbCBOb2RlSlMgYW5kIE5QTQpbWyAkKGRwa2ctcXVlcnkgLWwgbm9kZWpzIHwgZ3JlcCAtbyAiMTciKSAhPSAiMTciIF1dICYmIGN1cmwgLWZzU0wgaHR0cHM6Ly9kZWIubm9kZXNvdXJjZS5jb20vc2V0dXBfMTcueCB8IHN1ZG8gLUUgYmFzaCAtIHx8IGVjaG8gIk5vZGVKUyBhbHJlYWR5IGluc3RhbGxlZCIKYXB0LWdldCBpbnN0YWxsIC15IG5vZGVqcwpbWyAkKG5wbSAtdikgIT0gIjguNS40IiBdXSAmJiBucG0gaW5zdGFsbCAtZyBucG1AOC41LjQgfHwgZWNobyAiTlBNIGFscmVhZHkgdXBkYXRlZCIKCiMgQ2xvbmUgbW92aWUtYW5hbHlzdC1hcGkgcmVwb3NpdG9yeQpbICEgLWQgIi9yb290L21vdmllLWFuYWx5c3QtYXBpIiBdICYmIGdpdCBjbG9uZSBodHRwczovL2dpdGh1Yi5jb20vTWF0ZW9SaW5jb24wNC9tb3ZpZS1hbmFseXN0LWFwaS5naXQgfHwgZWNobyAiR2l0IHJlcG9zaXRvcnkgYWxyZWFkeSBjbG9uZWQiCmNkIG0qCgojIEVudmlyb25tZW50IHZhcmlhYmxlcwpleHBvcnQgTk9ERV9FTlY9cHJvZHVjdGlvbgpleHBvcnQgREJfSE9TVD10ZXJyYWZvcm0tMjAyMjA0MDQyMTAwMDk2MTExMDAwMDAwMDEuY3gwMnV6YWdxM2ZsLnVzLXdlc3QtMS5yZHMuYW1hem9uYXdzLmNvbQpleHBvcnQgREJfVVNFUj0iYXBwbGljYXRpb251c2VyIgpleHBvcnQgREJfUEFTUz0iYXBwbGljYXRpb251c2VyIgpleHBvcnQgREJfTkFNRT0ibW92aWVfZGIiCmV4cG9ydCBQT1JUPTMwMDAKCiMgSW5zdGFsbCBkZXBlbmRlbmNpZXMgaW5zaWRlIHRoZSBwcm9qZWN0IGFuZCBjb25maWd1cmUgZGF0YWJhc2UKYXB0LWdldCBpbnN0YWxsIG15c3FsLXNlcnZlciAteQpbWyAkKHN5c3RlbWN0bCBzdGF0dXMgbXlzcWwgfCBncmVwIC1vIOKAnGFjdGl2ZeKAnSkgIT0gImFjdGl2ZSIgXV0gJiYgc3lzdGVtY3RsIHN0YXJ0IG15c3FsIHx8IGVjaG8gIk15U1FMIGVzdGEgYWN0aXZvIgoKbXlzcWwgLWggdGVycmFmb3JtLTIwMjIwNDA0MjEwMDA5NjExMTAwMDAwMDAxLmN4MDJ1emFncTNmbC51cy13ZXN0LTEucmRzLmFtYXpvbmF3cy5jb20gLVAgMzMwNiAtdSAkREJfVVNFUiAtLXBhc3N3b3JkPSREQl9QQVNTIDwgZGF0YV9tb2RlbC90YWJsZV9jcmVhdGlvbl9hbmRfaW5zZXJ0cy5zcWwKCnNlZCAtaSAncy8xMjcuMC4wLjEvMC4wLjAuMC9nJyAvZXRjL215c3FsL215c3FsLmNvbmYuZC9teXNxbGQuY25mCgpzeXN0ZW1jdGwgcmVzdGFydCBteXNxbAoKbnBtIGluc3RhbGwKCiMgUnVuIGFwcGxpY2F0aW9uCltbICQobnBtIGxzIC1nIHwgZ3JlcCBwbTIpID09ICIiIF1dICYmIG5wbSBpbnN0YWxsIC1nIHBtMiB8fCBlY2hvICJQTTIgYWxyZWFkeSBpbnN0YWxsZWQiCltbICQocG0yIHN0YXR1cyB8IGdyZXAgLW8gIm9ubGluZSIpICE9ICJvbmxpbmUiIF1dICYmIE5PREVfRU5WPXByb2R1Y3Rpb24gREJfVVNFUj0iYXBwbGljYXRpb251c2VyIiBEQl9OQU1FPSJtb3ZpZV9kYiIgUE9SVD0zMDAwIERCX0hPU1Q9dGVycmFmb3JtLTIwMjIwNDA0MjEwMDA5NjExMTAwMDAwMDAxLmN4MDJ1emFncTNmbC51cy13ZXN0LTEucmRzLmFtYXpvbmF3cy5jb20gcG0yIHN0YXJ0IHNlcnZlci5qcyAtLXVwZGF0ZS1lbnYgfHwgZWNobyAiUE0yIGFscmVhZHkgcnVubmluZyBzZXJ2ZXIuanMiCgogc2xlZXAgMQogZWNobyAiLS0tLS0tLS0tLS0tLS0tLS0tLS0tLS0tLS0tLS0tLS0tLS0tLS0tLS0tLS0tLS0tLS0tLS0tLS0tLS0tLS0tLS0tLS0tLS0tLS0tLS0tLS0iCiBwbTIgbG9ncwo=",
            "vpc_security_group_ids": [
              "sg-03cce5a0728fbc43a"
            ]
          },
          "sensitive_attributes": [],
          "private": "bnVsbA==",
          "dependencies": [
            "aws_db_instance.RDS-movie-analyst",
            "aws_db_subnet_group.subnet-rds-movie-analyst",
            "aws_key_pair.mateorincona",
            "aws_security_group.SG-Backend-LB",
            "aws_security_group.SG-Backend-movie-analyst",
            "aws_security_group.SG-Bastion-movie-analyst",
            "aws_security_group.SG-Frontend-LB",
            "aws_security_group.SG-Frontend-movie-analyst",
            "data.aws_subnet.ramp_up_training-private-0",
            "data.aws_subnet.ramp_up_training-private-1",
            "data.aws_vpc.ramp_up_training_vpc",
            "data.external.findmyip",
            "tls_private_key.key"
          ]
        }
      ]
    },
    {
      "mode": "managed",
      "type": "aws_launch_template",
      "name": "Template-Frontend",
      "provider": "provider[\"registry.terraform.io/hashicorp/aws\"]",
      "instances": [
        {
          "schema_version": 0,
          "attributes": {
            "arn": "arn:aws:ec2:us-west-1:961518039473:launch-template/lt-0112bf89a61d6ffc4",
            "block_device_mappings": [],
            "capacity_reservation_specification": [],
            "cpu_options": [],
            "credit_specification": [],
            "default_version": 1,
            "description": "Template for auto scaling group for frontend movie-analyst-ui",
            "disable_api_termination": false,
            "ebs_optimized": "",
            "elastic_gpu_specifications": [],
            "elastic_inference_accelerator": [],
            "enclave_options": [],
            "hibernation_options": [],
            "iam_instance_profile": [],
            "id": "lt-0112bf89a61d6ffc4",
            "image_id": "ami-009726b835c24a3aa",
            "instance_initiated_shutdown_behavior": "terminate",
            "instance_market_options": [],
            "instance_type": "t2.micro",
            "kernel_id": "",
            "key_name": "mateo.rincona",
            "latest_version": 1,
            "license_specification": [],
            "metadata_options": [],
            "monitoring": [],
            "name": "Template-Frontend",
            "name_prefix": "",
            "network_interfaces": [],
            "placement": [],
            "ram_disk_id": "",
            "security_group_names": null,
            "tag_specifications": [
              {
                "resource_type": "instance",
                "tags": {
                  "Name": "Frontend",
                  "project": "ramp-up-devops",
                  "responsible": "mateo.rincona"
                }
              },
              {
                "resource_type": "volume",
                "tags": {
                  "project": "ramp-up-devops",
                  "responsible": "mateo.rincona"
                }
              }
            ],
            "tags": null,
            "tags_all": {},
            "update_default_version": null,
            "user_data": "IyEvYmluL2Jhc2gKCiMgVXNlciB0byByb290CnN1ZG8gLUUgc3UKY2QgfgoKIyMgSW5zdGFsbCBOb2RlSlMgYW5kIE5QTQpbWyAkKGRwa2ctcXVlcnkgLWwgbm9kZWpzIHwgZ3JlcCAtbyAiMTciKSAhPSAiMTciIF1dICYmIGN1cmwgLWZzU0wgaHR0cHM6Ly9kZWIubm9kZXNvdXJjZS5jb20vc2V0dXBfMTcueCB8IHN1ZG8gLUUgYmFzaCAtIHx8IGVjaG8gIk5vZGVKUyBhbHJlYWR5IGluc3RhbGxlZCIKYXB0LWdldCBpbnN0YWxsIC15IG5vZGVqcwpbWyAkKG5wbSAtdikgIT0gIjguNS4zIiBdXSAmJiBucG0gaW5zdGFsbCAtZyBucG1AOC41LjMgfHwgZWNobyAiTlBNIGFscmVhZHkgdXBkYXRlZCIKCiMgRW52aXJvbm1lbnQgdmFyaWFibGVzCmV4cG9ydCBOT0RFX0VOVj1wcm9kdWN0aW9uCmV4cG9ydCBCQUNLX0hPU1Q9aW50ZXJuYWwtQUxCLUJhY2tlbmQtMTcwMzkxMTA3NC51cy13ZXN0LTEuZWxiLmFtYXpvbmF3cy5jb20KCiMgQ2xvbmUgbW92aWUtYW5hbHlzdC11aSByZXBvc2l0b3J5ClsgISAtZCAiL3Jvb3QvbW92aWUtYW5hbHlzdC11aSIgXSAmJiBnaXQgY2xvbmUgaHR0cHM6Ly9naXRodWIuY29tL01hdGVvUmluY29uMDQvbW92aWUtYW5hbHlzdC11aS5naXQgfHwgZWNobyAiR2l0IHJlcG9zaXRvcnkgYWxyZWFkeSBjbG9uZWQiCmNkIG0qCgojIEluc3RhbGwgZGVwZW5kZW5jaWVzIGluc2lkZSB0aGUgcHJvamVjdCBhbmQgY29uZmlndXJlIGRhdGFiYXNlCm5wbSBpbnN0YWxsCgojIFJ1biBhcHBsaWNhdGlvbgpbWyAkKG5wbSBscyAtZyB8IGdyZXAgcG0yKSA9PSAiIiBdXSAmJiBucG0gaW5zdGFsbCAtZyBwbTIgfHwgZWNobyAiUE0yIGFscmVhZHkgaW5zdGFsbGVkIgpbWyAkKHBtMiBzdGF0dXMgfCBncmVwIC1vICJvbmxpbmUiKSAhPSAib25saW5lIiBdXSAmJiBCQUNLX0hPU1Q9aW50ZXJuYWwtQUxCLUJhY2tlbmQtMTcwMzkxMTA3NC51cy13ZXN0LTEuZWxiLmFtYXpvbmF3cy5jb20gTk9ERV9FTlY9cHJvZHVjdGlvbiBwbTIgc3RhcnQgc2VydmVyLmpzIC0tdXBkYXRlLWVudiB8fCBlY2hvICJQTTIgYWxyZWFkeSBydW5uaW5nIHNlcnZlci5qcyIKCnNsZWVwIDEKZWNobyAiQVFVSSBFTVBJRVpBLi4uLi4uLi4uLi4iCmVjaG8gJEJBQ0tfSE9TVAplY2hvICIuLi4uLi4uLi4uLlRFUk1JTkEgQVFVSSIKZWNobyAiLS0tLS0tLS0tLS0tLS0tLS0tLS0tLS0tLS0tLS0tLS0tLS0tLS0tLS0tLS0tLS0tLS0tLS0tLS0tLS0tLS0tLS0tLS0tLS0tLS0tLS0tLS0iCnBtMiBsb2dzCgo=",
            "vpc_security_group_ids": [
              "sg-0ee67cbdadede652d"
            ]
          },
          "sensitive_attributes": [],
          "private": "bnVsbA==",
          "dependencies": [
            "aws_key_pair.mateorincona",
            "aws_lb.ALB-Backend",
            "aws_security_group.SG-Backend-LB",
            "aws_security_group.SG-Bastion-movie-analyst",
            "aws_security_group.SG-Frontend-LB",
            "aws_security_group.SG-Frontend-movie-analyst",
            "data.aws_subnet.ramp_up_training-private-0",
            "data.aws_subnet.ramp_up_training-private-1",
            "data.aws_vpc.ramp_up_training_vpc",
            "data.external.findmyip",
            "tls_private_key.key"
          ]
        }
      ]
    },
    {
      "mode": "managed",
      "type": "aws_lb",
      "name": "ALB-Backend",
      "provider": "provider[\"registry.terraform.io/hashicorp/aws\"]",
      "instances": [
        {
          "schema_version": 0,
          "attributes": {
            "access_logs": [
              {
                "bucket": "",
                "enabled": false,
                "prefix": ""
              }
            ],
            "arn": "arn:aws:elasticloadbalancing:us-west-1:961518039473:loadbalancer/app/ALB-Backend/2bc08dc8530dd6fc",
            "arn_suffix": "app/ALB-Backend/2bc08dc8530dd6fc",
            "customer_owned_ipv4_pool": "",
            "desync_mitigation_mode": "defensive",
            "dns_name": "internal-ALB-Backend-1703911074.us-west-1.elb.amazonaws.com",
            "drop_invalid_header_fields": false,
            "enable_cross_zone_load_balancing": null,
            "enable_deletion_protection": false,
            "enable_http2": true,
            "enable_waf_fail_open": false,
            "id": "arn:aws:elasticloadbalancing:us-west-1:961518039473:loadbalancer/app/ALB-Backend/2bc08dc8530dd6fc",
            "idle_timeout": 60,
            "internal": true,
            "ip_address_type": "ipv4",
            "load_balancer_type": "application",
            "name": "ALB-Backend",
            "name_prefix": null,
            "security_groups": [
              "sg-00989ff4f5cfc3252"
            ],
            "subnet_mapping": [
              {
                "allocation_id": "",
                "ipv6_address": "",
                "outpost_id": "",
                "private_ipv4_address": "",
                "subnet_id": "subnet-038fa9d9a69d6561e"
              },
              {
                "allocation_id": "",
                "ipv6_address": "",
                "outpost_id": "",
                "private_ipv4_address": "",
                "subnet_id": "subnet-0d74b59773148d704"
              }
            ],
            "subnets": [
              "subnet-038fa9d9a69d6561e",
              "subnet-0d74b59773148d704"
            ],
            "tags": {
              "project": "ramp-up-devops",
              "responsible": "mateo.rincona"
            },
            "tags_all": {
              "project": "ramp-up-devops",
              "responsible": "mateo.rincona"
            },
            "timeouts": null,
            "vpc_id": "vpc-0d2831659ef89870c",
            "zone_id": "Z368ELLRRE2KJ0"
          },
          "sensitive_attributes": [],
          "private": "eyJlMmJmYjczMC1lY2FhLTExZTYtOGY4OC0zNDM2M2JjN2M0YzAiOnsiY3JlYXRlIjo2MDAwMDAwMDAwMDAsImRlbGV0ZSI6NjAwMDAwMDAwMDAwLCJ1cGRhdGUiOjYwMDAwMDAwMDAwMH19",
          "dependencies": [
            "aws_security_group.SG-Backend-LB",
            "aws_security_group.SG-Bastion-movie-analyst",
            "aws_security_group.SG-Frontend-LB",
            "aws_security_group.SG-Frontend-movie-analyst",
            "data.aws_subnet.ramp_up_training-private-0",
            "data.aws_subnet.ramp_up_training-private-1",
            "data.aws_vpc.ramp_up_training_vpc",
            "data.external.findmyip"
          ]
        }
      ]
    },
    {
      "mode": "managed",
      "type": "aws_lb",
      "name": "ALB-Frontend",
      "provider": "provider[\"registry.terraform.io/hashicorp/aws\"]",
      "instances": [
        {
          "schema_version": 0,
          "attributes": {
            "access_logs": [
              {
                "bucket": "",
                "enabled": false,
                "prefix": ""
              }
            ],
            "arn": "arn:aws:elasticloadbalancing:us-west-1:961518039473:loadbalancer/app/ALB-Frontend/610ac94615b5f1f1",
            "arn_suffix": "app/ALB-Frontend/610ac94615b5f1f1",
            "customer_owned_ipv4_pool": "",
            "desync_mitigation_mode": "defensive",
            "dns_name": "ALB-Frontend-1782346474.us-west-1.elb.amazonaws.com",
            "drop_invalid_header_fields": false,
            "enable_cross_zone_load_balancing": null,
            "enable_deletion_protection": false,
            "enable_http2": true,
            "enable_waf_fail_open": false,
            "id": "arn:aws:elasticloadbalancing:us-west-1:961518039473:loadbalancer/app/ALB-Frontend/610ac94615b5f1f1",
            "idle_timeout": 60,
            "internal": false,
            "ip_address_type": "ipv4",
            "load_balancer_type": "application",
            "name": "ALB-Frontend",
            "name_prefix": null,
            "security_groups": [
              "sg-0375b4bf58785197d"
            ],
            "subnet_mapping": [
              {
                "allocation_id": "",
                "ipv6_address": "",
                "outpost_id": "",
                "private_ipv4_address": "",
                "subnet_id": "subnet-038fa9d9a69d6561e"
              },
              {
                "allocation_id": "",
                "ipv6_address": "",
                "outpost_id": "",
                "private_ipv4_address": "",
                "subnet_id": "subnet-0d74b59773148d704"
              }
            ],
            "subnets": [
              "subnet-038fa9d9a69d6561e",
              "subnet-0d74b59773148d704"
            ],
            "tags": {
              "project": "ramp-up-devops",
              "responsible": "mateo.rincona"
            },
            "tags_all": {
              "project": "ramp-up-devops",
              "responsible": "mateo.rincona"
            },
            "timeouts": null,
            "vpc_id": "vpc-0d2831659ef89870c",
            "zone_id": "Z368ELLRRE2KJ0"
          },
          "sensitive_attributes": [],
          "private": "eyJlMmJmYjczMC1lY2FhLTExZTYtOGY4OC0zNDM2M2JjN2M0YzAiOnsiY3JlYXRlIjo2MDAwMDAwMDAwMDAsImRlbGV0ZSI6NjAwMDAwMDAwMDAwLCJ1cGRhdGUiOjYwMDAwMDAwMDAwMH19",
          "dependencies": [
            "aws_security_group.SG-Frontend-LB",
            "data.aws_subnet.ramp_up_training-private-0",
            "data.aws_subnet.ramp_up_training-private-1",
            "data.aws_vpc.ramp_up_training_vpc"
          ]
        }
      ]
    },
    {
      "mode": "managed",
      "type": "aws_lb_listener",
      "name": "backend",
      "provider": "provider[\"registry.terraform.io/hashicorp/aws\"]",
      "instances": [
        {
          "schema_version": 0,
          "attributes": {
            "alpn_policy": null,
            "arn": "arn:aws:elasticloadbalancing:us-west-1:961518039473:listener/app/ALB-Backend/2bc08dc8530dd6fc/6321a04799936648",
            "certificate_arn": null,
            "default_action": [
              {
                "authenticate_cognito": [],
                "authenticate_oidc": [],
                "fixed_response": [],
                "forward": [],
                "order": 1,
                "redirect": [],
                "target_group_arn": "arn:aws:elasticloadbalancing:us-west-1:961518039473:targetgroup/TG-Backend/dab3b50ca09ae876",
                "type": "forward"
              }
            ],
            "id": "arn:aws:elasticloadbalancing:us-west-1:961518039473:listener/app/ALB-Backend/2bc08dc8530dd6fc/6321a04799936648",
            "load_balancer_arn": "arn:aws:elasticloadbalancing:us-west-1:961518039473:loadbalancer/app/ALB-Backend/2bc08dc8530dd6fc",
            "port": 3000,
            "protocol": "HTTP",
            "ssl_policy": "",
            "tags": {
              "project": "ramp-up-devops",
              "responsible": "mateo.rincona"
            },
            "tags_all": {
              "project": "ramp-up-devops",
              "responsible": "mateo.rincona"
            },
            "timeouts": null
          },
          "sensitive_attributes": [],
          "private": "eyJlMmJmYjczMC1lY2FhLTExZTYtOGY4OC0zNDM2M2JjN2M0YzAiOnsicmVhZCI6NjAwMDAwMDAwMDAwfX0=",
          "dependencies": [
            "aws_lb.ALB-Backend",
            "aws_lb_target_group.TG-Backend",
            "aws_security_group.SG-Backend-LB",
            "aws_security_group.SG-Bastion-movie-analyst",
            "aws_security_group.SG-Frontend-LB",
            "aws_security_group.SG-Frontend-movie-analyst",
            "data.aws_subnet.ramp_up_training-private-0",
            "data.aws_subnet.ramp_up_training-private-1",
            "data.aws_vpc.ramp_up_training_vpc",
            "data.external.findmyip"
          ]
        }
      ]
    },
    {
      "mode": "managed",
      "type": "aws_lb_listener",
      "name": "frontend",
      "provider": "provider[\"registry.terraform.io/hashicorp/aws\"]",
      "instances": [
        {
          "schema_version": 0,
          "attributes": {
            "alpn_policy": null,
            "arn": "arn:aws:elasticloadbalancing:us-west-1:961518039473:listener/app/ALB-Frontend/610ac94615b5f1f1/5514db32c5d0a691",
            "certificate_arn": null,
            "default_action": [
              {
                "authenticate_cognito": [],
                "authenticate_oidc": [],
                "fixed_response": [],
                "forward": [],
                "order": 1,
                "redirect": [],
                "target_group_arn": "arn:aws:elasticloadbalancing:us-west-1:961518039473:targetgroup/TG-Frontend/11eada619124042b",
                "type": "forward"
              }
            ],
            "id": "arn:aws:elasticloadbalancing:us-west-1:961518039473:listener/app/ALB-Frontend/610ac94615b5f1f1/5514db32c5d0a691",
            "load_balancer_arn": "arn:aws:elasticloadbalancing:us-west-1:961518039473:loadbalancer/app/ALB-Frontend/610ac94615b5f1f1",
            "port": 80,
            "protocol": "HTTP",
            "ssl_policy": "",
            "tags": {
              "project": "ramp-up-devops",
              "responsible": "mateo.rincona"
            },
            "tags_all": {
              "project": "ramp-up-devops",
              "responsible": "mateo.rincona"
            },
            "timeouts": null
          },
          "sensitive_attributes": [],
          "private": "eyJlMmJmYjczMC1lY2FhLTExZTYtOGY4OC0zNDM2M2JjN2M0YzAiOnsicmVhZCI6NjAwMDAwMDAwMDAwfX0=",
          "dependencies": [
            "aws_lb.ALB-Frontend",
            "aws_lb_target_group.TG-Frontend",
            "aws_security_group.SG-Frontend-LB",
            "data.aws_subnet.ramp_up_training-private-0",
            "data.aws_subnet.ramp_up_training-private-1",
            "data.aws_vpc.ramp_up_training_vpc"
          ]
        }
      ]
    },
    {
      "mode": "managed",
      "type": "aws_lb_target_group",
      "name": "TG-Backend",
      "provider": "provider[\"registry.terraform.io/hashicorp/aws\"]",
      "instances": [
        {
          "schema_version": 0,
          "attributes": {
            "arn": "arn:aws:elasticloadbalancing:us-west-1:961518039473:targetgroup/TG-Backend/dab3b50ca09ae876",
            "arn_suffix": "targetgroup/TG-Backend/dab3b50ca09ae876",
            "connection_termination": false,
            "deregistration_delay": "300",
            "health_check": [
              {
                "enabled": true,
                "healthy_threshold": 5,
                "interval": 30,
                "matcher": "200",
                "path": "/",
                "port": "traffic-port",
                "protocol": "HTTP",
                "timeout": 5,
                "unhealthy_threshold": 2
              }
            ],
            "id": "arn:aws:elasticloadbalancing:us-west-1:961518039473:targetgroup/TG-Backend/dab3b50ca09ae876",
            "lambda_multi_value_headers_enabled": false,
            "load_balancing_algorithm_type": "round_robin",
            "name": "TG-Backend",
            "name_prefix": null,
            "port": 3000,
            "preserve_client_ip": null,
            "protocol": "HTTP",
            "protocol_version": "HTTP1",
            "proxy_protocol_v2": false,
            "slow_start": 0,
            "stickiness": [
              {
                "cookie_duration": 86400,
                "cookie_name": "",
                "enabled": false,
                "type": "lb_cookie"
              }
            ],
            "tags": {
              "project": "ramp-up-devops",
              "responsible": "mateo.rincona"
            },
            "tags_all": {
              "project": "ramp-up-devops",
              "responsible": "mateo.rincona"
            },
            "target_type": "instance",
            "vpc_id": "vpc-0d2831659ef89870c"
          },
          "sensitive_attributes": [],
          "private": "bnVsbA==",
          "dependencies": [
            "data.aws_vpc.ramp_up_training_vpc"
          ]
        }
      ]
    },
    {
      "mode": "managed",
      "type": "aws_lb_target_group",
      "name": "TG-Frontend",
      "provider": "provider[\"registry.terraform.io/hashicorp/aws\"]",
      "instances": [
        {
          "schema_version": 0,
          "attributes": {
            "arn": "arn:aws:elasticloadbalancing:us-west-1:961518039473:targetgroup/TG-Frontend/11eada619124042b",
            "arn_suffix": "targetgroup/TG-Frontend/11eada619124042b",
            "connection_termination": false,
            "deregistration_delay": "300",
            "health_check": [
              {
                "enabled": true,
                "healthy_threshold": 5,
                "interval": 30,
                "matcher": "200",
                "path": "/",
                "port": "traffic-port",
                "protocol": "HTTP",
                "timeout": 5,
                "unhealthy_threshold": 2
              }
            ],
            "id": "arn:aws:elasticloadbalancing:us-west-1:961518039473:targetgroup/TG-Frontend/11eada619124042b",
            "lambda_multi_value_headers_enabled": false,
            "load_balancing_algorithm_type": "round_robin",
            "name": "TG-Frontend",
            "name_prefix": null,
            "port": 3030,
            "preserve_client_ip": null,
            "protocol": "HTTP",
            "protocol_version": "HTTP1",
            "proxy_protocol_v2": false,
            "slow_start": 0,
            "stickiness": [
              {
                "cookie_duration": 86400,
                "cookie_name": "",
                "enabled": false,
                "type": "lb_cookie"
              }
            ],
            "tags": {
              "project": "ramp-up-devops",
              "responsible": "mateo.rincona"
            },
            "tags_all": {
              "project": "ramp-up-devops",
              "responsible": "mateo.rincona"
            },
            "target_type": "instance",
            "vpc_id": "vpc-0d2831659ef89870c"
          },
          "sensitive_attributes": [],
          "private": "bnVsbA==",
          "dependencies": [
            "data.aws_vpc.ramp_up_training_vpc"
          ]
        }
      ]
    },
    {
      "mode": "managed",
      "type": "aws_security_group",
      "name": "SG-Backend-LB",
      "provider": "provider[\"registry.terraform.io/hashicorp/aws\"]",
      "instances": [
        {
          "schema_version": 1,
          "attributes": {
            "arn": "arn:aws:ec2:us-west-1:961518039473:security-group/sg-00989ff4f5cfc3252",
            "description": "Allow traffic from frontend instances",
            "egress": [
              {
                "cidr_blocks": [
                  "0.0.0.0/0"
                ],
                "description": "",
                "from_port": 0,
                "ipv6_cidr_blocks": [],
                "prefix_list_ids": [],
                "protocol": "-1",
                "security_groups": [],
                "self": false,
                "to_port": 0
              }
            ],
            "id": "sg-00989ff4f5cfc3252",
            "ingress": [
              {
                "cidr_blocks": [],
                "description": "Allow access from Bastion through SSH",
                "from_port": 22,
                "ipv6_cidr_blocks": [],
                "prefix_list_ids": [],
                "protocol": "tcp",
                "security_groups": [
                  "sg-0305bdeab4a6f375b"
                ],
                "self": false,
                "to_port": 22
              },
              {
                "cidr_blocks": [],
                "description": "Allow access from Bastion through port 3000",
                "from_port": 3000,
                "ipv6_cidr_blocks": [],
                "prefix_list_ids": [],
                "protocol": "tcp",
                "security_groups": [
                  "sg-0305bdeab4a6f375b"
                ],
                "self": false,
                "to_port": 3000
              },
              {
                "cidr_blocks": [],
                "description": "Allow access from frontend security group",
                "from_port": 3000,
                "ipv6_cidr_blocks": [],
                "prefix_list_ids": [],
                "protocol": "tcp",
                "security_groups": [
                  "sg-0ee67cbdadede652d"
                ],
                "self": false,
                "to_port": 3000
              }
            ],
            "name": "SG-Backend-LB",
            "name_prefix": "",
            "owner_id": "961518039473",
            "revoke_rules_on_delete": false,
            "tags": {
              "Name": "SG-Backend-LB",
              "project": "ramp-up-devops",
              "responsible": "mateo.rincona"
            },
            "tags_all": {
              "Name": "SG-Backend-LB",
              "project": "ramp-up-devops",
              "responsible": "mateo.rincona"
            },
            "timeouts": null,
            "vpc_id": "vpc-0d2831659ef89870c"
          },
          "sensitive_attributes": [],
          "private": "eyJlMmJmYjczMC1lY2FhLTExZTYtOGY4OC0zNDM2M2JjN2M0YzAiOnsiY3JlYXRlIjo2MDAwMDAwMDAwMDAsImRlbGV0ZSI6OTAwMDAwMDAwMDAwfSwic2NoZW1hX3ZlcnNpb24iOiIxIn0=",
          "dependencies": [
            "aws_security_group.SG-Bastion-movie-analyst",
            "aws_security_group.SG-Frontend-LB",
            "aws_security_group.SG-Frontend-movie-analyst",
            "data.aws_vpc.ramp_up_training_vpc",
            "data.external.findmyip"
          ]
        }
      ]
    },
    {
      "mode": "managed",
      "type": "aws_security_group",
      "name": "SG-Backend-movie-analyst",
      "provider": "provider[\"registry.terraform.io/hashicorp/aws\"]",
      "instances": [
        {
          "schema_version": 1,
          "attributes": {
            "arn": "arn:aws:ec2:us-west-1:961518039473:security-group/sg-03cce5a0728fbc43a",
            "description": "Allow inbound traffic from other sources",
            "egress": [
              {
                "cidr_blocks": [
                  "0.0.0.0/0"
                ],
                "description": "",
                "from_port": 0,
                "ipv6_cidr_blocks": [
                  "::/0"
                ],
                "prefix_list_ids": [],
                "protocol": "-1",
                "security_groups": [],
                "self": false,
                "to_port": 0
              }
            ],
            "id": "sg-03cce5a0728fbc43a",
            "ingress": [
              {
                "cidr_blocks": [],
                "description": "Allow access from Bastion through SSH",
                "from_port": 22,
                "ipv6_cidr_blocks": [],
                "prefix_list_ids": [],
                "protocol": "tcp",
                "security_groups": [
                  "sg-0305bdeab4a6f375b"
                ],
                "self": false,
                "to_port": 22
              },
              {
                "cidr_blocks": [],
                "description": "Allow access from Bastion through port 3000",
                "from_port": 3000,
                "ipv6_cidr_blocks": [],
                "prefix_list_ids": [],
                "protocol": "tcp",
                "security_groups": [
                  "sg-0305bdeab4a6f375b"
                ],
                "self": false,
                "to_port": 3000
              },
              {
                "cidr_blocks": [],
                "description": "Backend to RDS",
                "from_port": 3306,
                "ipv6_cidr_blocks": [],
                "prefix_list_ids": [],
                "protocol": "tcp",
                "security_groups": [],
                "self": true,
                "to_port": 3306
              },
              {
                "cidr_blocks": [],
                "description": "from LB-Backend to Backend instances",
                "from_port": 3000,
                "ipv6_cidr_blocks": [],
                "prefix_list_ids": [],
                "protocol": "tcp",
                "security_groups": [
                  "sg-00989ff4f5cfc3252"
                ],
                "self": false,
                "to_port": 3000
              }
            ],
            "name": "SG-Backend-movie-analyst",
            "name_prefix": "",
            "owner_id": "961518039473",
            "revoke_rules_on_delete": false,
            "tags": {
              "Name": "SG-Backend-movie-analyst",
              "project": "ramp-up-devops",
              "responsible": "mateo.rincona"
            },
            "tags_all": {
              "Name": "SG-Backend-movie-analyst",
              "project": "ramp-up-devops",
              "responsible": "mateo.rincona"
            },
            "timeouts": null,
            "vpc_id": "vpc-0d2831659ef89870c"
          },
          "sensitive_attributes": [],
          "private": "eyJlMmJmYjczMC1lY2FhLTExZTYtOGY4OC0zNDM2M2JjN2M0YzAiOnsiY3JlYXRlIjo2MDAwMDAwMDAwMDAsImRlbGV0ZSI6OTAwMDAwMDAwMDAwfSwic2NoZW1hX3ZlcnNpb24iOiIxIn0=",
          "dependencies": [
            "aws_security_group.SG-Backend-LB",
            "aws_security_group.SG-Bastion-movie-analyst",
            "aws_security_group.SG-Frontend-LB",
            "aws_security_group.SG-Frontend-movie-analyst",
            "data.aws_vpc.ramp_up_training_vpc",
            "data.external.findmyip"
          ]
        }
      ]
    },
    {
      "mode": "managed",
      "type": "aws_security_group",
      "name": "SG-Bastion-movie-analyst",
      "provider": "provider[\"registry.terraform.io/hashicorp/aws\"]",
      "instances": [
        {
          "schema_version": 1,
          "attributes": {
            "arn": "arn:aws:ec2:us-west-1:961518039473:security-group/sg-0305bdeab4a6f375b",
            "description": "Allow Frontend Auto Scaling Instances inbound traffic",
            "egress": [
              {
                "cidr_blocks": [
                  "0.0.0.0/0"
                ],
                "description": "",
                "from_port": 0,
                "ipv6_cidr_blocks": [
                  "::/0"
                ],
                "prefix_list_ids": [],
                "protocol": "-1",
                "security_groups": [],
                "self": false,
                "to_port": 0
              }
            ],
            "id": "sg-0305bdeab4a6f375b",
            "ingress": [
              {
                "cidr_blocks": [
                  "181.130.2.24/32"
                ],
                "description": "Local to Bastion",
                "from_port": 22,
                "ipv6_cidr_blocks": [],
                "prefix_list_ids": [],
                "protocol": "tcp",
                "security_groups": [],
                "self": false,
                "to_port": 22
              }
            ],
            "name": "SG-Bastion-movie-analyst",
            "name_prefix": "",
            "owner_id": "961518039473",
            "revoke_rules_on_delete": false,
            "tags": {
              "Name": "SG-Bastion-movie-analyst",
              "project": "ramp-up-devops",
              "responsible": "mateo.rincona"
            },
            "tags_all": {
              "Name": "SG-Bastion-movie-analyst",
              "project": "ramp-up-devops",
              "responsible": "mateo.rincona"
            },
            "timeouts": null,
            "vpc_id": "vpc-0d2831659ef89870c"
          },
          "sensitive_attributes": [],
          "private": "eyJlMmJmYjczMC1lY2FhLTExZTYtOGY4OC0zNDM2M2JjN2M0YzAiOnsiY3JlYXRlIjo2MDAwMDAwMDAwMDAsImRlbGV0ZSI6OTAwMDAwMDAwMDAwfSwic2NoZW1hX3ZlcnNpb24iOiIxIn0=",
          "dependencies": [
            "data.aws_vpc.ramp_up_training_vpc",
            "data.external.findmyip"
          ]
        }
      ]
    },
    {
      "mode": "managed",
      "type": "aws_security_group",
      "name": "SG-Frontend-LB",
      "provider": "provider[\"registry.terraform.io/hashicorp/aws\"]",
      "instances": [
        {
          "schema_version": 1,
          "attributes": {
            "arn": "arn:aws:ec2:us-west-1:961518039473:security-group/sg-0375b4bf58785197d",
            "description": "Allow traffic from http",
            "egress": [
              {
                "cidr_blocks": [
                  "0.0.0.0/0"
                ],
                "description": "",
                "from_port": 0,
                "ipv6_cidr_blocks": [],
                "prefix_list_ids": [],
                "protocol": "-1",
                "security_groups": [],
                "self": false,
                "to_port": 0
              }
            ],
            "id": "sg-0375b4bf58785197d",
            "ingress": [
              {
                "cidr_blocks": [
                  "0.0.0.0/0"
                ],
                "description": "Allow access from everywhere using http",
                "from_port": 80,
                "ipv6_cidr_blocks": [],
                "prefix_list_ids": [],
                "protocol": "tcp",
                "security_groups": [],
                "self": false,
                "to_port": 80
              }
            ],
            "name": "SG-Frontend-LB",
            "name_prefix": "",
            "owner_id": "961518039473",
            "revoke_rules_on_delete": false,
            "tags": {
              "Name": "SG-Frontend-LB",
              "project": "ramp-up-devops",
              "responsible": "mateo.rincona"
            },
            "tags_all": {
              "Name": "SG-Frontend-LB",
              "project": "ramp-up-devops",
              "responsible": "mateo.rincona"
            },
            "timeouts": null,
            "vpc_id": "vpc-0d2831659ef89870c"
          },
          "sensitive_attributes": [],
          "private": "eyJlMmJmYjczMC1lY2FhLTExZTYtOGY4OC0zNDM2M2JjN2M0YzAiOnsiY3JlYXRlIjo2MDAwMDAwMDAwMDAsImRlbGV0ZSI6OTAwMDAwMDAwMDAwfSwic2NoZW1hX3ZlcnNpb24iOiIxIn0=",
          "dependencies": [
            "data.aws_vpc.ramp_up_training_vpc"
          ]
        }
      ]
    },
    {
      "mode": "managed",
      "type": "aws_security_group",
      "name": "SG-Frontend-movie-analyst",
      "provider": "provider[\"registry.terraform.io/hashicorp/aws\"]",
      "instances": [
        {
          "schema_version": 1,
          "attributes": {
            "arn": "arn:aws:ec2:us-west-1:961518039473:security-group/sg-0ee67cbdadede652d",
            "description": "Allow Frontend Auto Scaling Instances inbound traffic",
            "egress": [
              {
                "cidr_blocks": [
                  "0.0.0.0/0"
                ],
                "description": "",
                "from_port": 0,
                "ipv6_cidr_blocks": [],
                "prefix_list_ids": [],
                "protocol": "-1",
                "security_groups": [],
                "self": false,
                "to_port": 0
              }
            ],
            "id": "sg-0ee67cbdadede652d",
            "ingress": [
              {
                "cidr_blocks": [],
                "description": "Allow access from ALB-Frontend",
                "from_port": 3030,
                "ipv6_cidr_blocks": [],
                "prefix_list_ids": [],
                "protocol": "tcp",
                "security_groups": [
                  "sg-0375b4bf58785197d"
                ],
                "self": false,
                "to_port": 3030
              },
              {
                "cidr_blocks": [],
                "description": "Allow access from Bastion through SSH",
                "from_port": 22,
                "ipv6_cidr_blocks": [],
                "prefix_list_ids": [],
                "protocol": "tcp",
                "security_groups": [
                  "sg-0305bdeab4a6f375b"
                ],
                "self": false,
                "to_port": 22
              },
              {
                "cidr_blocks": [],
                "description": "Allow access from Bastion through port 3030",
                "from_port": 3030,
                "ipv6_cidr_blocks": [],
                "prefix_list_ids": [],
                "protocol": "tcp",
                "security_groups": [
                  "sg-0305bdeab4a6f375b"
                ],
                "self": false,
                "to_port": 3030
              }
            ],
            "name": "SG-Frontend-movie-analyst",
            "name_prefix": "",
            "owner_id": "961518039473",
            "revoke_rules_on_delete": false,
            "tags": {
              "Name": "SG-Frontend-movie-analyst",
              "project": "ramp-up-devops",
              "responsible": "mateo.rincona"
            },
            "tags_all": {
              "Name": "SG-Frontend-movie-analyst",
              "project": "ramp-up-devops",
              "responsible": "mateo.rincona"
            },
            "timeouts": null,
            "vpc_id": "vpc-0d2831659ef89870c"
          },
          "sensitive_attributes": [],
          "private": "eyJlMmJmYjczMC1lY2FhLTExZTYtOGY4OC0zNDM2M2JjN2M0YzAiOnsiY3JlYXRlIjo2MDAwMDAwMDAwMDAsImRlbGV0ZSI6OTAwMDAwMDAwMDAwfSwic2NoZW1hX3ZlcnNpb24iOiIxIn0=",
          "dependencies": [
            "aws_security_group.SG-Bastion-movie-analyst",
            "aws_security_group.SG-Frontend-LB",
            "data.aws_vpc.ramp_up_training_vpc",
            "data.external.findmyip"
          ]
        }
      ]
    },
    {
      "mode": "managed",
      "type": "local_file",
      "name": "ansible_inventory",
      "provider": "provider[\"registry.terraform.io/hashicorp/local\"]",
      "instances": [
        {
          "schema_version": 0,
          "attributes": {
            "content": "movie-analyst:\r\n    hosts:\r\n        54.153.55.89 \r\n    vars:\r\n        ansible_ssh_user: ubuntu\r\n        ansible_ssh_private_key_file: /home/mateo/movies_dep/IaC/modules/.ssh/mateo.rincona.pem",
            "content_base64": null,
            "directory_permission": "0777",
            "file_permission": "0777",
            "filename": "/home/mateo/movies_dep/IaC/modules/inventory.yaml",
            "id": "99cf79fe6620a5d175e6a52077c8f90358105fdb",
            "sensitive_content": null,
            "source": null
          },
          "sensitive_attributes": [],
          "private": "bnVsbA==",
          "dependencies": [
            "aws_instance.bastion",
            "aws_key_pair.mateorincona",
            "aws_security_group.SG-Bastion-movie-analyst",
            "data.aws_subnet.ramp_up_training-public-1",
            "data.aws_vpc.ramp_up_training_vpc",
            "data.external.findmyip",
            "local_file.private_key",
            "tls_private_key.key"
          ]
        }
      ]
    },
    {
      "mode": "managed",
      "type": "local_file",
      "name": "private_key",
      "provider": "provider[\"registry.terraform.io/hashicorp/local\"]",
      "instances": [
        {
          "schema_version": 0,
          "attributes": {
            "content": null,
            "content_base64": null,
            "directory_permission": "0777",
            "file_permission": "0600",
            "filename": "/home/mateo/movies_dep/IaC/modules/.ssh/mateo.rincona.pem",
            "id": "0664e3eb30e2d8491fb7720e86ed2f16bd0797f4",
            "sensitive_content": "-----BEGIN RSA PRIVATE KEY-----\nMIIJKAIBAAKCAgEA3AJSb0ZDRULhDSlxjenBDsAf1WvoHdXwM2AWF1Y5HhuOYSYv\nxzUIbCfUNLev8YkqCaoqsJg6QtQp7LJIYKkK05bTfYLUdmy5B63VXlyjoMUZE/hL\nRBKKSIWSDt0ngBalRa6PWjojxAxRryWWoQxFu4ksTu1xcvRbpCHELTGDpEROzN86\nVMmSEpVXpXicTLfrS96jSQbxScM9yzHXuIesk2q1FK8OWdMsX9MLm/by75nxl3Pi\n8lIJtQDlko+OD+13A5DSNEWCPf8THD2m2tPw7VK/otFBJk6mk4Vu9d+TotwwDzLq\ns42PfNcTG4555u/kmivWMOacPWA0X5t9wVw3i3+PNnl7HjTvD+Y2fgo3dvaRHa4E\nS6lc2sfknuojwTuuphTZQsb+ckKQDD1nXWa/bYhSY4hVWjYr7OlZoyFgeLjBWa4/\n51VWpDijWUxmP71rBpzldJl985wrn8H0ECUjrHinC0BRkZmQ31D9S8VutPW5tBrw\nGDST83FtVnYTclbmg07+UdqbY1PXpeX8QfZw1QayInRLSScXyHk/B3GqMki6Y35l\nV7tZMJZgIW/MAbC/aKU42mA+dHkGDq7LP2AbzlTe7th8wsiW6aIU4jmjw//HJKok\nFvQNV81exG6JlGbMrFwawx4jZ+evz8MHXTT7j5naY5x06c05qdHNzhXdxwUCAwEA\nAQKCAgEAsQd1SXBiJNMhv7N/Wc+jtrjFZLfFOGyzMMO6QuDwaNeHg4h0nXiA5HZP\n/HNpsZLLLqesXhi/mJKbgYgbURv0SDlux+mECB6H7DPmIl2slGrEORtrhMTeXGiO\nFEPDyv9t0Voao2Fw8glvmN1IDSKQ4cwIySGqTfNt4e4BqtPSt1T3i0Z760merjFZ\nKx6Xteuv+4aUIOjjMpVVnbDngeY56QzN1GzfwUt4w0pQZxkYdc+LZHCtRorYoLqt\n/3Zfu1U6lLXtTn43xKcAu5KoNiCgFnalGOAD6k0TIFUX6eQTKdK/IRu5Wu0nbi6p\ng1zrnfWeHqfzW7nUMla9DclSMUqArdLwKkhJL+5bM15io52ifjarNBGF4Nf7zTge\nCxh58pNHFClD5RjfXKCWT7THq7XNWLAEDR/mhmmiSd3DTnKGvTuTK8ec/HBcs49G\nMq3/9wbNTX9lB0HyKQ17qozepMthkrrZ5iLlwFybY5vRg/poDw41z68oUyN0CYlb\n2SovtSI8qp4r7uCJF9HAfEj4IzH12rvcXOJs9zuvi7LbU9u02ef34T+RYDfMIhCl\n1zVgXtFWC70xJVzv3ogrEskEs3XOHLi9wdwq2JeKNRwVJ27AFrkDA7kmxHalhB8v\nUVizDVEiEZR0dIAjpaS5mleGHr7dbFMxKx5w51gj4wy+Ear/nkECggEBAOuJtCQ3\nDxdfq0jR9Q+Q0Po2JJBU6P3t9hMvWARwGJ5BbOBBmzfAaiiWwXddPnLUl6/Q3Fe0\n+LAC+OA7V4dbZ0V4Sov2Yp8opMW3CV7oH1zQnUx2Nbx/mmF3NUnRqX8ROIqlQGqQ\nsNgp5HLmuI33UXqTVN/TyKj/VZMDWrrR7ScByBQeN/pPggBC75oF61FqjoaCPIju\nUvO/CUdyQ6hTwa3gQGlEQGRZkERZ0F/jRXOBsYtggTAUmVRonUJtlfz6htykuWeB\nZlyX4nqVKKaDAfZQ1wv/EnYPcG5jp9sbYmn9HVUxYRZwEwc4J5aQTRdqRl1DbJ+q\npoit9g6fGFQa6AkCggEBAO8fQu4v1XwDuBr9Wzz5LTBrHaNZwlCSfadhjyPkrME5\nzoeiVTGHHVDsO16hgL7Xm+KtclDLYY1rQllZRHTgb9c6nXczBavQhNomx9qHFT87\nO0eqKEF3WSm/yPwdOkcp7c5aLeInCm9XlIwPaSXBu9ybDnm+dgiAfCHxnfN3qVqQ\n45sobcesnDt9uv+jDY3TCX12liVCXsE42IEUVjvN+HXfA8ry24GyjlhWB3OVuLTf\nW19+cvclSR4uBsSxLVTekLr8IDU4CgxFLsuP5xJyH3FjwVb78yyIUqJCDbEW/2ly\n7ix3X7xgZb1fZf2vMx8rMGXWIXd5aAf0dSouUdNZDh0CggEAUItfcb7uRzTs8tLx\ndWg1PksDh+OxZRxZuMfI1oOqt3tyCuIEfTUsWELtV68oKsZuNK48mzWEkVQC3VMN\npHjqQMRY4bHYmcqhRgdIig7gorGoCLyntZUBKvFD5MFwr8Yoyqil9YsTHmh8+ZnS\nZKG9WChHrt7SUJA4KDTOcvJUobEnRVHsHInRz9sT6ly50raYlIC2yLCO51Fdj/QQ\nFODHa3kzLYwsZOSHxAfejNvAJTalix7uLo3svQOlO1EUKFVXht5BlJaYdXNu/DJD\nm2VTZ3LPhwervXmcHfOwM+oSZmIrBLYFGFIs/5wBVah05FvwQfZLj/IgTr8GVIut\nGx20WQKCAQBrGG05kGLk8CV8sQwz+sWqcc8MYh8NRw7P8HnTcY+N2v4M8T+GtyUC\nIUtVzq+Cyb4ff987IFvIoslMixaF4h81HiN4R3m6weE+cy//R5DUiQq7xhHRgEqG\n0EaL4+s+BCFl0i3KpAGgbHEzaZOGPYaN/0Q0coEavbDa4wQDDwziaxIFY84HJ9+x\nJVajN7vSUTpm3r3QYjFeCL+u0BTvJAirgf6I3sxBAl+OYLlloyDeoUqjMlb7Kc/d\nnG+bmF7dK/FWTaV/MGIPrMyQjxrGwCYk+rCU7LK0tzmLQlovfkVWTQsvDyfpjqMC\ndb+QJu+WfhlnAshqYg2dwnbXNXegWLphAoIBABGNIi19hc3WBN+4msGYXLCATIg/\nZ+Gf2jyazkbaDbsi1+6gJuY2a22BsREvIA+GCkFZri+ch19mXdqLmAFOSz8h45zv\ndVTuBLNHPSCoOdUm289m7cpOJO3SoXtXs4k4MrXzrGyJZkmP81RLBPIAzaDXj1nu\ndbx2UgOVvMnMiIno0h/B9PEBAO5q0rto2Zf2HypIQ2V7cTcX7+1v519zu5sBcFkq\n3pmGJmfmYdd4jl7775AzOdiYVCNdg/zuaOWp9E0y/vQEkKE5fuB0qAqeQ07uHatI\nz6b4AMmVw4zzQ/wVOS4xZ63+jCJEx6qxgNRYfI2HZfTH9PdnjPa8ulht+ws=\n-----END RSA PRIVATE KEY-----\n",
            "source": null
          },
          "sensitive_attributes": [
            [
              {
                "type": "get_attr",
                "value": "sensitive_content"
              }
            ]
          ],
          "private": "bnVsbA==",
          "dependencies": [
            "tls_private_key.key"
          ]
        }
      ]
    },
    {
      "mode": "managed",
      "type": "tls_private_key",
      "name": "key",
      "provider": "provider[\"registry.terraform.io/hashicorp/tls\"]",
      "instances": [
        {
          "schema_version": 0,
          "attributes": {
            "algorithm": "RSA",
            "ecdsa_curve": "P224",
            "id": "3aebf50ae391514c93e331009801a561fe7bba88",
            "private_key_openssh": "-----BEGIN OPENSSH PRIVATE KEY-----\nb3BlbnNzaC1rZXktdjEAAAAABG5vbmUAAAAEbm9uZQAAAAAAAAABAAACFwAAAAdz\nc2gtcnNhAAAAAwEAAQAAAgEA3AJSb0ZDRULhDSlxjenBDsAf1WvoHdXwM2AWF1Y5\nHhuOYSYvxzUIbCfUNLev8YkqCaoqsJg6QtQp7LJIYKkK05bTfYLUdmy5B63VXlyj\noMUZE/hLRBKKSIWSDt0ngBalRa6PWjojxAxRryWWoQxFu4ksTu1xcvRbpCHELTGD\npEROzN86VMmSEpVXpXicTLfrS96jSQbxScM9yzHXuIesk2q1FK8OWdMsX9MLm/by\n75nxl3Pi8lIJtQDlko+OD+13A5DSNEWCPf8THD2m2tPw7VK/otFBJk6mk4Vu9d+T\notwwDzLqs42PfNcTG4555u/kmivWMOacPWA0X5t9wVw3i3+PNnl7HjTvD+Y2fgo3\ndvaRHa4ES6lc2sfknuojwTuuphTZQsb+ckKQDD1nXWa/bYhSY4hVWjYr7OlZoyFg\neLjBWa4/51VWpDijWUxmP71rBpzldJl985wrn8H0ECUjrHinC0BRkZmQ31D9S8Vu\ntPW5tBrwGDST83FtVnYTclbmg07+UdqbY1PXpeX8QfZw1QayInRLSScXyHk/B3Gq\nMki6Y35lV7tZMJZgIW/MAbC/aKU42mA+dHkGDq7LP2AbzlTe7th8wsiW6aIU4jmj\nw//HJKokFvQNV81exG6JlGbMrFwawx4jZ+evz8MHXTT7j5naY5x06c05qdHNzhXd\nxwUAAAc4/rbTkv6205IAAAAHc3NoLXJzYQAAAgEA3AJSb0ZDRULhDSlxjenBDsAf\n1WvoHdXwM2AWF1Y5HhuOYSYvxzUIbCfUNLev8YkqCaoqsJg6QtQp7LJIYKkK05bT\nfYLUdmy5B63VXlyjoMUZE/hLRBKKSIWSDt0ngBalRa6PWjojxAxRryWWoQxFu4ks\nTu1xcvRbpCHELTGDpEROzN86VMmSEpVXpXicTLfrS96jSQbxScM9yzHXuIesk2q1\nFK8OWdMsX9MLm/by75nxl3Pi8lIJtQDlko+OD+13A5DSNEWCPf8THD2m2tPw7VK/\notFBJk6mk4Vu9d+TotwwDzLqs42PfNcTG4555u/kmivWMOacPWA0X5t9wVw3i3+P\nNnl7HjTvD+Y2fgo3dvaRHa4ES6lc2sfknuojwTuuphTZQsb+ckKQDD1nXWa/bYhS\nY4hVWjYr7OlZoyFgeLjBWa4/51VWpDijWUxmP71rBpzldJl985wrn8H0ECUjrHin\nC0BRkZmQ31D9S8VutPW5tBrwGDST83FtVnYTclbmg07+UdqbY1PXpeX8QfZw1Qay\nInRLSScXyHk/B3GqMki6Y35lV7tZMJZgIW/MAbC/aKU42mA+dHkGDq7LP2AbzlTe\n7th8wsiW6aIU4jmjw//HJKokFvQNV81exG6JlGbMrFwawx4jZ+evz8MHXTT7j5na\nY5x06c05qdHNzhXdxwUAAAADAQABAAACAQCxB3VJcGIk0yG/s39Zz6O2uMVkt8U4\nbLMww7pC4PBo14eDiHSdeIDkdk/8c2mxkssup6xeGL+YkpuBiBtRG/RIOW7H6YQI\nHofsM+YiXayUasQ5G2uExN5caI4UQ8PK/23RWhqjYXDyCW+Y3UgNIpDhzAjJIapN\n823h7gGq09K3VPeLRnvrSZ6uMVkrHpe166/7hpQg6OMylVWdsOeB5jnpDM3UbN/B\nS3jDSlBnGRh1z4tkcK1Gitiguq3/dl+7VTqUte1OfjfEpwC7kqg2IKAWdqUY4APq\nTRMgVRfp5BMp0r8hG7la7SduLqmDXOud9Z4ep/NbudQyVr0NyVIxSoCt0vAqSEkv\n7lszXmKjnaJ+Nqs0EYXg1/vNOB4LGHnyk0cUKUPlGN9coJZPtMertc1YsAQNH+aG\naaJJ3cNOcoa9O5Mrx5z8cFyzj0Yyrf/3Bs1Nf2UHQfIpDXuqjN6ky2GSutnmIuXA\nXJtjm9GD+mgPDjXPryhTI3QJiVvZKi+1Ijyqnivu4IkX0cB8SPgjMfXau9xc4mz3\nO6+LsttT27TZ5/fhP5FgN8wiEKXXNWBe0VYLvTElXO/eiCsSyQSzdc4cuL3B3CrY\nl4o1HBUnbsAWuQMDuSbEdqWEHy9RWLMNUSIRlHR0gCOlpLmaV4Yevt1sUzErHnDn\nWCPjDL4Rqv+eQQAAAQARjSItfYXN1gTfuJrBmFywgEyIP2fhn9o8ms5G2g27Itfu\noCbmNmttgbERLyAPhgpBWa4vnIdfZl3ai5gBTks/IeOc73VU7gSzRz0gqDnVJtvP\nZu3KTiTt0qF7V7OJODK186xsiWZJj/NUSwTyAM2g149Z7nW8dlIDlbzJzIiJ6NIf\nwfTxAQDuatK7aNmX9h8qSENle3E3F+/tb+dfc7ubAXBZKt6ZhiZn5mHXeI5e+++Q\nMznYmFQjXYP87mjlqfRNMv70BJChOX7gdKgKnkNO7h2rSM+m+ADJlcOM80P8FTku\nMWet/owiRMeqsYDUWHyNh2X0x/T3Z4z2vLpYbfsLAAABAQDribQkNw8XX6tI0fUP\nkND6NiSQVOj97fYTL1gEcBieQWzgQZs3wGoolsF3XT5y1Jev0NxXtPiwAvjgO1eH\nW2dFeEqL9mKfKKTFtwle6B9c0J1MdjW8f5phdzVJ0al/ETiKpUBqkLDYKeRy5riN\n91F6k1Tf08io/1WTA1q60e0nAcgUHjf6T4IAQu+aBetRao6GgjyI7lLzvwlHckOo\nU8Gt4EBpREBkWZBEWdBf40VzgbGLYIEwFJlUaJ1CbZX8+obcpLlngWZcl+J6lSim\ngwH2UNcL/xJ2D3BuY6fbG2Jp/R1VMWEWcBMHOCeWkE0XakZdQ2yfqqaIrfYOnxhU\nGugJAAABAQDvH0LuL9V8A7ga/Vs8+S0wax2jWcJQkn2nYY8j5KzBOc6HolUxhx1Q\n7DteoYC+15virXJQy2GNa0JZWUR04G/XOp13MwWr0ITaJsfahxU/OztHqihBd1kp\nv8j8HTpHKe3OWi3iJwpvV5SMD2klwbvcmw55vnYIgHwh8Z3zd6lakOObKG3HrJw7\nfbr/ow2N0wl9dpYlQl7BONiBFFY7zfh13wPK8tuBso5YVgdzlbi031tffnL3JUke\nLgbEsS1U3pC6/CA1OAoMRS7Lj+cSch9xY8FW+/MsiFKiQg2xFv9pcu4sd1+8YGW9\nX2X9rzMfKzBl1iF3eWgH9HUqLlHTWQ4dAAAAAAEC\n-----END OPENSSH PRIVATE KEY-----\n",
            "private_key_pem": "-----BEGIN RSA PRIVATE KEY-----\nMIIJKAIBAAKCAgEA3AJSb0ZDRULhDSlxjenBDsAf1WvoHdXwM2AWF1Y5HhuOYSYv\nxzUIbCfUNLev8YkqCaoqsJg6QtQp7LJIYKkK05bTfYLUdmy5B63VXlyjoMUZE/hL\nRBKKSIWSDt0ngBalRa6PWjojxAxRryWWoQxFu4ksTu1xcvRbpCHELTGDpEROzN86\nVMmSEpVXpXicTLfrS96jSQbxScM9yzHXuIesk2q1FK8OWdMsX9MLm/by75nxl3Pi\n8lIJtQDlko+OD+13A5DSNEWCPf8THD2m2tPw7VK/otFBJk6mk4Vu9d+TotwwDzLq\ns42PfNcTG4555u/kmivWMOacPWA0X5t9wVw3i3+PNnl7HjTvD+Y2fgo3dvaRHa4E\nS6lc2sfknuojwTuuphTZQsb+ckKQDD1nXWa/bYhSY4hVWjYr7OlZoyFgeLjBWa4/\n51VWpDijWUxmP71rBpzldJl985wrn8H0ECUjrHinC0BRkZmQ31D9S8VutPW5tBrw\nGDST83FtVnYTclbmg07+UdqbY1PXpeX8QfZw1QayInRLSScXyHk/B3GqMki6Y35l\nV7tZMJZgIW/MAbC/aKU42mA+dHkGDq7LP2AbzlTe7th8wsiW6aIU4jmjw//HJKok\nFvQNV81exG6JlGbMrFwawx4jZ+evz8MHXTT7j5naY5x06c05qdHNzhXdxwUCAwEA\nAQKCAgEAsQd1SXBiJNMhv7N/Wc+jtrjFZLfFOGyzMMO6QuDwaNeHg4h0nXiA5HZP\n/HNpsZLLLqesXhi/mJKbgYgbURv0SDlux+mECB6H7DPmIl2slGrEORtrhMTeXGiO\nFEPDyv9t0Voao2Fw8glvmN1IDSKQ4cwIySGqTfNt4e4BqtPSt1T3i0Z760merjFZ\nKx6Xteuv+4aUIOjjMpVVnbDngeY56QzN1GzfwUt4w0pQZxkYdc+LZHCtRorYoLqt\n/3Zfu1U6lLXtTn43xKcAu5KoNiCgFnalGOAD6k0TIFUX6eQTKdK/IRu5Wu0nbi6p\ng1zrnfWeHqfzW7nUMla9DclSMUqArdLwKkhJL+5bM15io52ifjarNBGF4Nf7zTge\nCxh58pNHFClD5RjfXKCWT7THq7XNWLAEDR/mhmmiSd3DTnKGvTuTK8ec/HBcs49G\nMq3/9wbNTX9lB0HyKQ17qozepMthkrrZ5iLlwFybY5vRg/poDw41z68oUyN0CYlb\n2SovtSI8qp4r7uCJF9HAfEj4IzH12rvcXOJs9zuvi7LbU9u02ef34T+RYDfMIhCl\n1zVgXtFWC70xJVzv3ogrEskEs3XOHLi9wdwq2JeKNRwVJ27AFrkDA7kmxHalhB8v\nUVizDVEiEZR0dIAjpaS5mleGHr7dbFMxKx5w51gj4wy+Ear/nkECggEBAOuJtCQ3\nDxdfq0jR9Q+Q0Po2JJBU6P3t9hMvWARwGJ5BbOBBmzfAaiiWwXddPnLUl6/Q3Fe0\n+LAC+OA7V4dbZ0V4Sov2Yp8opMW3CV7oH1zQnUx2Nbx/mmF3NUnRqX8ROIqlQGqQ\nsNgp5HLmuI33UXqTVN/TyKj/VZMDWrrR7ScByBQeN/pPggBC75oF61FqjoaCPIju\nUvO/CUdyQ6hTwa3gQGlEQGRZkERZ0F/jRXOBsYtggTAUmVRonUJtlfz6htykuWeB\nZlyX4nqVKKaDAfZQ1wv/EnYPcG5jp9sbYmn9HVUxYRZwEwc4J5aQTRdqRl1DbJ+q\npoit9g6fGFQa6AkCggEBAO8fQu4v1XwDuBr9Wzz5LTBrHaNZwlCSfadhjyPkrME5\nzoeiVTGHHVDsO16hgL7Xm+KtclDLYY1rQllZRHTgb9c6nXczBavQhNomx9qHFT87\nO0eqKEF3WSm/yPwdOkcp7c5aLeInCm9XlIwPaSXBu9ybDnm+dgiAfCHxnfN3qVqQ\n45sobcesnDt9uv+jDY3TCX12liVCXsE42IEUVjvN+HXfA8ry24GyjlhWB3OVuLTf\nW19+cvclSR4uBsSxLVTekLr8IDU4CgxFLsuP5xJyH3FjwVb78yyIUqJCDbEW/2ly\n7ix3X7xgZb1fZf2vMx8rMGXWIXd5aAf0dSouUdNZDh0CggEAUItfcb7uRzTs8tLx\ndWg1PksDh+OxZRxZuMfI1oOqt3tyCuIEfTUsWELtV68oKsZuNK48mzWEkVQC3VMN\npHjqQMRY4bHYmcqhRgdIig7gorGoCLyntZUBKvFD5MFwr8Yoyqil9YsTHmh8+ZnS\nZKG9WChHrt7SUJA4KDTOcvJUobEnRVHsHInRz9sT6ly50raYlIC2yLCO51Fdj/QQ\nFODHa3kzLYwsZOSHxAfejNvAJTalix7uLo3svQOlO1EUKFVXht5BlJaYdXNu/DJD\nm2VTZ3LPhwervXmcHfOwM+oSZmIrBLYFGFIs/5wBVah05FvwQfZLj/IgTr8GVIut\nGx20WQKCAQBrGG05kGLk8CV8sQwz+sWqcc8MYh8NRw7P8HnTcY+N2v4M8T+GtyUC\nIUtVzq+Cyb4ff987IFvIoslMixaF4h81HiN4R3m6weE+cy//R5DUiQq7xhHRgEqG\n0EaL4+s+BCFl0i3KpAGgbHEzaZOGPYaN/0Q0coEavbDa4wQDDwziaxIFY84HJ9+x\nJVajN7vSUTpm3r3QYjFeCL+u0BTvJAirgf6I3sxBAl+OYLlloyDeoUqjMlb7Kc/d\nnG+bmF7dK/FWTaV/MGIPrMyQjxrGwCYk+rCU7LK0tzmLQlovfkVWTQsvDyfpjqMC\ndb+QJu+WfhlnAshqYg2dwnbXNXegWLphAoIBABGNIi19hc3WBN+4msGYXLCATIg/\nZ+Gf2jyazkbaDbsi1+6gJuY2a22BsREvIA+GCkFZri+ch19mXdqLmAFOSz8h45zv\ndVTuBLNHPSCoOdUm289m7cpOJO3SoXtXs4k4MrXzrGyJZkmP81RLBPIAzaDXj1nu\ndbx2UgOVvMnMiIno0h/B9PEBAO5q0rto2Zf2HypIQ2V7cTcX7+1v519zu5sBcFkq\n3pmGJmfmYdd4jl7775AzOdiYVCNdg/zuaOWp9E0y/vQEkKE5fuB0qAqeQ07uHatI\nz6b4AMmVw4zzQ/wVOS4xZ63+jCJEx6qxgNRYfI2HZfTH9PdnjPa8ulht+ws=\n-----END RSA PRIVATE KEY-----\n",
            "public_key_fingerprint_md5": "d7:15:03:5e:c9:9a:a9:b0:31:d5:24:8b:67:bf:66:32",
            "public_key_fingerprint_sha256": "SHA256:fhZvHZg97usGW0wvkMyTRcsD1dnK+rqcam1Ksvn17TU",
            "public_key_openssh": "ssh-rsa AAAAB3NzaC1yc2EAAAADAQABAAACAQDcAlJvRkNFQuENKXGN6cEOwB/Va+gd1fAzYBYXVjkeG45hJi/HNQhsJ9Q0t6/xiSoJqiqwmDpC1CnsskhgqQrTltN9gtR2bLkHrdVeXKOgxRkT+EtEEopIhZIO3SeAFqVFro9aOiPEDFGvJZahDEW7iSxO7XFy9FukIcQtMYOkRE7M3zpUyZISlVeleJxMt+tL3qNJBvFJwz3LMde4h6yTarUUrw5Z0yxf0wub9vLvmfGXc+LyUgm1AOWSj44P7XcDkNI0RYI9/xMcPaba0/DtUr+i0UEmTqaThW7135Oi3DAPMuqzjY981xMbjnnm7+SaK9Yw5pw9YDRfm33BXDeLf482eXseNO8P5jZ+Cjd29pEdrgRLqVzax+Se6iPBO66mFNlCxv5yQpAMPWddZr9tiFJjiFVaNivs6VmjIWB4uMFZrj/nVVakOKNZTGY/vWsGnOV0mX3znCufwfQQJSOseKcLQFGRmZDfUP1LxW609bm0GvAYNJPzcW1WdhNyVuaDTv5R2ptjU9el5fxB9nDVBrIidEtJJxfIeT8HcaoySLpjfmVXu1kwlmAhb8wBsL9opTjaYD50eQYOrss/YBvOVN7u2HzCyJbpohTiOaPD/8ckqiQW9A1XzV7EbomUZsysXBrDHiNn56/PwwddNPuPmdpjnHTpzTmp0c3OFd3HBQ==\n",
            "public_key_pem": "-----BEGIN PUBLIC KEY-----\nMIICIjANBgkqhkiG9w0BAQEFAAOCAg8AMIICCgKCAgEA3AJSb0ZDRULhDSlxjenB\nDsAf1WvoHdXwM2AWF1Y5HhuOYSYvxzUIbCfUNLev8YkqCaoqsJg6QtQp7LJIYKkK\n05bTfYLUdmy5B63VXlyjoMUZE/hLRBKKSIWSDt0ngBalRa6PWjojxAxRryWWoQxF\nu4ksTu1xcvRbpCHELTGDpEROzN86VMmSEpVXpXicTLfrS96jSQbxScM9yzHXuIes\nk2q1FK8OWdMsX9MLm/by75nxl3Pi8lIJtQDlko+OD+13A5DSNEWCPf8THD2m2tPw\n7VK/otFBJk6mk4Vu9d+TotwwDzLqs42PfNcTG4555u/kmivWMOacPWA0X5t9wVw3\ni3+PNnl7HjTvD+Y2fgo3dvaRHa4ES6lc2sfknuojwTuuphTZQsb+ckKQDD1nXWa/\nbYhSY4hVWjYr7OlZoyFgeLjBWa4/51VWpDijWUxmP71rBpzldJl985wrn8H0ECUj\nrHinC0BRkZmQ31D9S8VutPW5tBrwGDST83FtVnYTclbmg07+UdqbY1PXpeX8QfZw\n1QayInRLSScXyHk/B3GqMki6Y35lV7tZMJZgIW/MAbC/aKU42mA+dHkGDq7LP2Ab\nzlTe7th8wsiW6aIU4jmjw//HJKokFvQNV81exG6JlGbMrFwawx4jZ+evz8MHXTT7\nj5naY5x06c05qdHNzhXdxwUCAwEAAQ==\n-----END PUBLIC KEY-----\n",
            "rsa_bits": 4096
          },
          "sensitive_attributes": [],
          "private": "bnVsbA=="
        }
      ]
    }
  ]
}
