{
  "version": 4,
  "terraform_version": "1.1.8",
  "serial": 3182,
  "lineage": "41718407-458b-3a1f-8545-cdf2159dedca",
  "outputs": {
    "back_host": {
      "value": "internal-ALB-Backend-624352119.us-west-1.elb.amazonaws.com",
      "type": "string"
    },
    "bastion_public_ip": {
      "value": "54.193.59.125",
      "type": "string"
    },
    "rds": {
      "value": "terraform-20220513161204048500000001.cx02uzagq3fl.us-west-1.rds.amazonaws.com",
      "type": "string"
    }
  },
  "resources": [
    {
      "mode": "data",
      "type": "aws_key_pair",
      "name": "mateorincona",
      "provider": "provider[\"registry.terraform.io/hashicorp/aws\"]",
      "instances": [
        {
          "schema_version": 0,
          "attributes": {
            "arn": "arn:aws:ec2:us-west-1:961518039473:key-pair/mateo.rincona",
            "filter": null,
            "fingerprint": "2b:d6:02:1d:a6:28:65:27:64:68:df:29:9c:0e:4a:94:b7:4c:10:8e",
            "id": "key-099dea8cdaf759923",
            "key_name": "mateo.rincona",
            "key_pair_id": "key-099dea8cdaf759923",
            "tags": {
              "project": "ramp-up-devops",
              "responsible": "mateo.rincona"
            }
          },
          "sensitive_attributes": []
        }
      ]
    },
    {
      "mode": "data",
      "type": "aws_subnet",
      "name": "ramp_up_training-private-0",
      "provider": "provider[\"registry.terraform.io/hashicorp/aws\"]",
      "instances": [
        {
          "schema_version": 0,
          "attributes": {
            "arn": "arn:aws:ec2:us-west-1:961518039473:subnet/subnet-0d74b59773148d704",
            "assign_ipv6_address_on_creation": false,
            "availability_zone": "us-west-1a",
            "availability_zone_id": "usw1-az1",
            "available_ip_address_count": 2037,
            "cidr_block": "10.1.80.0/21",
            "customer_owned_ipv4_pool": "",
            "default_for_az": false,
            "enable_dns64": false,
            "enable_resource_name_dns_a_record_on_launch": false,
            "enable_resource_name_dns_aaaa_record_on_launch": false,
            "filter": null,
            "id": "subnet-0d74b59773148d704",
            "ipv6_cidr_block": "",
            "ipv6_cidr_block_association_id": "",
            "ipv6_native": false,
            "map_customer_owned_ip_on_launch": false,
            "map_public_ip_on_launch": false,
            "outpost_arn": "",
            "owner_id": "961518039473",
            "private_dns_hostname_type_on_launch": "ip-name",
            "state": "available",
            "tags": {
              "Name": "ramp_up_training-private-0"
            },
            "vpc_id": "vpc-0d2831659ef89870c"
          },
          "sensitive_attributes": []
        }
      ]
    },
    {
      "mode": "data",
      "type": "aws_subnet",
      "name": "ramp_up_training-private-1",
      "provider": "provider[\"registry.terraform.io/hashicorp/aws\"]",
      "instances": [
        {
          "schema_version": 0,
          "attributes": {
            "arn": "arn:aws:ec2:us-west-1:961518039473:subnet/subnet-038fa9d9a69d6561e",
            "assign_ipv6_address_on_creation": false,
            "availability_zone": "us-west-1c",
            "availability_zone_id": "usw1-az3",
            "available_ip_address_count": 2037,
            "cidr_block": "10.1.88.0/21",
            "customer_owned_ipv4_pool": "",
            "default_for_az": false,
            "enable_dns64": false,
            "enable_resource_name_dns_a_record_on_launch": false,
            "enable_resource_name_dns_aaaa_record_on_launch": false,
            "filter": null,
            "id": "subnet-038fa9d9a69d6561e",
            "ipv6_cidr_block": "",
            "ipv6_cidr_block_association_id": "",
            "ipv6_native": false,
            "map_customer_owned_ip_on_launch": false,
            "map_public_ip_on_launch": false,
            "outpost_arn": "",
            "owner_id": "961518039473",
            "private_dns_hostname_type_on_launch": "ip-name",
            "state": "available",
            "tags": {
              "Name": "ramp_up_training-private-1"
            },
            "vpc_id": "vpc-0d2831659ef89870c"
          },
          "sensitive_attributes": []
        }
      ]
    },
    {
      "mode": "data",
      "type": "aws_subnet",
      "name": "ramp_up_training-public-1",
      "provider": "provider[\"registry.terraform.io/hashicorp/aws\"]",
      "instances": [
        {
          "schema_version": 0,
          "attributes": {
            "arn": "arn:aws:ec2:us-west-1:961518039473:subnet/subnet-055c41fce697f9cca",
            "assign_ipv6_address_on_creation": false,
            "availability_zone": "us-west-1c",
            "availability_zone_id": "usw1-az3",
            "available_ip_address_count": 2027,
            "cidr_block": "10.1.8.0/21",
            "customer_owned_ipv4_pool": "",
            "default_for_az": false,
            "enable_dns64": false,
            "enable_resource_name_dns_a_record_on_launch": false,
            "enable_resource_name_dns_aaaa_record_on_launch": false,
            "filter": null,
            "id": "subnet-055c41fce697f9cca",
            "ipv6_cidr_block": "",
            "ipv6_cidr_block_association_id": "",
            "ipv6_native": false,
            "map_customer_owned_ip_on_launch": false,
            "map_public_ip_on_launch": true,
            "outpost_arn": "",
            "owner_id": "961518039473",
            "private_dns_hostname_type_on_launch": "ip-name",
            "state": "available",
            "tags": {
              "Name": "ramp_up_training-public-1"
            },
            "vpc_id": "vpc-0d2831659ef89870c"
          },
          "sensitive_attributes": []
        }
      ]
    },
    {
      "mode": "data",
      "type": "aws_vpc",
      "name": "ramp_up_training_vpc",
      "provider": "provider[\"registry.terraform.io/hashicorp/aws\"]",
      "instances": [
        {
          "schema_version": 0,
          "attributes": {
            "arn": "arn:aws:ec2:us-west-1:961518039473:vpc/vpc-0d2831659ef89870c",
            "cidr_block": "10.1.0.0/16",
            "cidr_block_associations": [
              {
                "association_id": "vpc-cidr-assoc-01815efd6a5df2a0a",
                "cidr_block": "10.1.0.0/16",
                "state": "associated"
              }
            ],
            "default": false,
            "dhcp_options_id": "dopt-553f7230",
            "enable_dns_hostnames": true,
            "enable_dns_support": true,
            "filter": null,
            "id": "vpc-0d2831659ef89870c",
            "instance_tenancy": "default",
            "ipv6_association_id": "",
            "ipv6_cidr_block": "",
            "main_route_table_id": "rtb-03654b638b2fa05dc",
            "owner_id": "961518039473",
            "state": null,
            "tags": {
              "Name": "ramp_up_training"
            }
          },
          "sensitive_attributes": []
        }
      ]
    },
    {
      "mode": "data",
      "type": "external",
      "name": "findmyip",
      "provider": "provider[\"registry.terraform.io/hashicorp/external\"]",
      "instances": [
        {
          "schema_version": 0,
          "attributes": {
            "id": "-",
            "program": [
              "/bin/bash",
              "./findmyip.sh"
            ],
            "query": null,
            "result": {
              "internet_ip": "181.129.82.162"
            },
            "working_dir": null
          },
          "sensitive_attributes": []
        }
      ]
    },
    {
      "mode": "managed",
      "type": "aws_autoscaling_group",
      "name": "AS-Backend",
      "provider": "provider[\"registry.terraform.io/hashicorp/aws\"]",
      "instances": [
        {
          "schema_version": 0,
          "attributes": {
            "arn": "arn:aws:autoscaling:us-west-1:961518039473:autoScalingGroup:bf307db0-9010-402d-b2db-5bf04871d8c9:autoScalingGroupName/AS-Backend",
            "availability_zones": [
              "us-west-1a"
            ],
            "capacity_rebalance": false,
            "default_cooldown": 300,
            "desired_capacity": 2,
            "enabled_metrics": null,
            "force_delete": false,
            "force_delete_warm_pool": false,
            "health_check_grace_period": 300,
            "health_check_type": "EC2",
            "id": "AS-Backend",
            "initial_lifecycle_hook": [],
            "instance_refresh": [],
            "launch_configuration": "",
            "launch_template": [
              {
                "id": "lt-03b6426ce51c2d4e9",
                "name": "Template-Backend",
                "version": "$Latest"
              }
            ],
            "load_balancers": null,
            "max_instance_lifetime": 0,
            "max_size": 3,
            "metrics_granularity": "1Minute",
            "min_elb_capacity": null,
            "min_size": 1,
            "mixed_instances_policy": [],
            "name": "AS-Backend",
            "name_prefix": "",
            "placement_group": "",
            "protect_from_scale_in": false,
            "service_linked_role_arn": "arn:aws:iam::961518039473:role/aws-service-role/autoscaling.amazonaws.com/AWSServiceRoleForAutoScaling",
            "suspended_processes": null,
            "tag": [],
            "tags": [
              {
                "key": "Name",
                "propagate_at_launch": "true",
                "value": "Backend_movie_analyst"
              },
              {
                "key": "project",
                "propagate_at_launch": "true",
                "value": "ramp-up-devops"
              },
              {
                "key": "responsible",
                "propagate_at_launch": "true",
                "value": "mateo.rincona"
              }
            ],
            "target_group_arns": [
              "arn:aws:elasticloadbalancing:us-west-1:961518039473:targetgroup/TG-Backend/cfd9287fd38fd059"
            ],
            "termination_policies": null,
            "timeouts": null,
            "vpc_zone_identifier": [
              "subnet-0d74b59773148d704"
            ],
            "wait_for_capacity_timeout": "10m",
            "wait_for_elb_capacity": null,
            "warm_pool": []
          },
          "sensitive_attributes": [],
          "private": "eyJlMmJmYjczMC1lY2FhLTExZTYtOGY4OC0zNDM2M2JjN2M0YzAiOnsiZGVsZXRlIjo2MDAwMDAwMDAwMDB9fQ==",
          "dependencies": [
            "aws_db_instance.RDS-movie-analyst",
            "aws_db_subnet_group.subnet-rds-movie-analyst",
            "aws_instance.bastion",
            "aws_launch_template.Template-Backend",
            "aws_lb_target_group.TG-Backend",
            "aws_security_group.SG-Backend-LB",
            "aws_security_group.SG-Backend-movie-analyst",
            "aws_security_group.SG-Bastion-movie-analyst",
            "aws_security_group.SG-Frontend-LB",
            "aws_security_group.SG-Frontend-movie-analyst",
            "data.aws_key_pair.mateorincona",
            "data.aws_subnet.ramp_up_training-private-0",
            "data.aws_subnet.ramp_up_training-private-1",
            "data.aws_subnet.ramp_up_training-public-1",
            "data.aws_vpc.ramp_up_training_vpc",
            "data.external.findmyip",
            "null_resource.bastion"
          ]
        }
      ]
    },
    {
      "mode": "managed",
      "type": "aws_autoscaling_group",
      "name": "AS-Frontend",
      "provider": "provider[\"registry.terraform.io/hashicorp/aws\"]",
      "instances": [
        {
          "schema_version": 0,
          "attributes": {
            "arn": "arn:aws:autoscaling:us-west-1:961518039473:autoScalingGroup:5a6a8d7e-bd3e-4bc3-955b-ef55b1730476:autoScalingGroupName/AS-Frontend",
            "availability_zones": [
              "us-west-1c"
            ],
            "capacity_rebalance": false,
            "default_cooldown": 300,
            "desired_capacity": 2,
            "enabled_metrics": null,
            "force_delete": false,
            "force_delete_warm_pool": false,
            "health_check_grace_period": 300,
            "health_check_type": "EC2",
            "id": "AS-Frontend",
            "initial_lifecycle_hook": [],
            "instance_refresh": [],
            "launch_configuration": "",
            "launch_template": [
              {
                "id": "lt-0bf173b96a4893147",
                "name": "Template-Frontend",
                "version": "$Latest"
              }
            ],
            "load_balancers": null,
            "max_instance_lifetime": 0,
            "max_size": 3,
            "metrics_granularity": "1Minute",
            "min_elb_capacity": null,
            "min_size": 1,
            "mixed_instances_policy": [],
            "name": "AS-Frontend",
            "name_prefix": "",
            "placement_group": "",
            "protect_from_scale_in": false,
            "service_linked_role_arn": "arn:aws:iam::961518039473:role/aws-service-role/autoscaling.amazonaws.com/AWSServiceRoleForAutoScaling",
            "suspended_processes": null,
            "tag": [],
            "tags": [
              {
                "key": "Name",
                "propagate_at_launch": "true",
                "value": "Frontend_movie_analyst"
              },
              {
                "key": "project",
                "propagate_at_launch": "true",
                "value": "ramp-up-devops"
              },
              {
                "key": "responsible",
                "propagate_at_launch": "true",
                "value": "mateo.rincona"
              }
            ],
            "target_group_arns": [
              "arn:aws:elasticloadbalancing:us-west-1:961518039473:targetgroup/TG-Frontend/e777a10c4d985aa6"
            ],
            "termination_policies": null,
            "timeouts": null,
            "vpc_zone_identifier": [
              "subnet-055c41fce697f9cca"
            ],
            "wait_for_capacity_timeout": "10m",
            "wait_for_elb_capacity": null,
            "warm_pool": []
          },
          "sensitive_attributes": [],
          "private": "eyJlMmJmYjczMC1lY2FhLTExZTYtOGY4OC0zNDM2M2JjN2M0YzAiOnsiZGVsZXRlIjo2MDAwMDAwMDAwMDB9fQ==",
          "dependencies": [
            "aws_instance.bastion",
            "aws_launch_template.Template-Frontend",
            "aws_lb.ALB-Backend",
            "aws_lb_target_group.TG-Frontend",
            "aws_security_group.SG-Backend-LB",
            "aws_security_group.SG-Bastion-movie-analyst",
            "aws_security_group.SG-Frontend-LB",
            "aws_security_group.SG-Frontend-movie-analyst",
            "data.aws_key_pair.mateorincona",
            "data.aws_subnet.ramp_up_training-private-0",
            "data.aws_subnet.ramp_up_training-private-1",
            "data.aws_subnet.ramp_up_training-public-1",
            "data.aws_vpc.ramp_up_training_vpc",
            "data.external.findmyip"
          ]
        }
      ]
    },
    {
      "mode": "managed",
      "type": "aws_db_instance",
      "name": "RDS-movie-analyst",
      "provider": "provider[\"registry.terraform.io/hashicorp/aws\"]",
      "instances": [
        {
          "schema_version": 1,
          "attributes": {
            "address": "terraform-20220513161204048500000001.cx02uzagq3fl.us-west-1.rds.amazonaws.com",
            "allocated_storage": 20,
            "allow_major_version_upgrade": null,
            "apply_immediately": null,
            "arn": "arn:aws:rds:us-west-1:961518039473:db:terraform-20220513161204048500000001",
            "auto_minor_version_upgrade": true,
            "availability_zone": "us-west-1a",
            "backup_retention_period": 0,
            "backup_window": "10:44-11:14",
            "ca_cert_identifier": "rds-ca-2019",
            "character_set_name": "",
            "copy_tags_to_snapshot": false,
            "customer_owned_ip_enabled": false,
            "db_name": "RdsMovieAnalyst",
            "db_subnet_group_name": "subnet-rds-movie-analyst",
            "delete_automated_backups": true,
            "deletion_protection": false,
            "domain": "",
            "domain_iam_role_name": "",
            "enabled_cloudwatch_logs_exports": null,
            "endpoint": "terraform-20220513161204048500000001.cx02uzagq3fl.us-west-1.rds.amazonaws.com:3306",
            "engine": "mysql",
            "engine_version": "8.0.27",
            "engine_version_actual": "8.0.27",
            "final_snapshot_identifier": null,
            "hosted_zone_id": "Z10WI91S59XXQN",
            "iam_database_authentication_enabled": false,
            "id": "terraform-20220513161204048500000001",
            "identifier": "terraform-20220513161204048500000001",
            "identifier_prefix": "terraform-",
            "instance_class": "db.t2.micro",
            "iops": 0,
            "kms_key_id": "",
            "latest_restorable_time": "0001-01-01T00:00:00Z",
            "license_model": "general-public-license",
            "maintenance_window": "mon:07:32-mon:08:02",
            "max_allocated_storage": 1000,
            "monitoring_interval": 0,
            "monitoring_role_arn": "",
            "multi_az": false,
            "name": "RdsMovieAnalyst",
            "nchar_character_set_name": "",
            "option_group_name": "default:mysql-8-0",
            "parameter_group_name": "default.mysql8.0",
            "password": "applicationuser",
            "performance_insights_enabled": false,
            "performance_insights_kms_key_id": "",
            "performance_insights_retention_period": 0,
            "port": 3306,
            "publicly_accessible": false,
            "replica_mode": "",
            "replicas": [],
            "replicate_source_db": "",
            "resource_id": "db-XVYK65KCULXFIGEFX64S3E7UTA",
            "restore_to_point_in_time": [],
            "s3_import": [],
            "security_group_names": null,
            "skip_final_snapshot": true,
            "snapshot_identifier": null,
            "status": "available",
            "storage_encrypted": false,
            "storage_type": "gp2",
            "tags": {
              "Name": "SG-Backend-movie-analyst",
              "project": "ramp-up-devops",
              "responsible": "mateo.rincona"
            },
            "tags_all": {
              "Name": "SG-Backend-movie-analyst",
              "project": "ramp-up-devops",
              "responsible": "mateo.rincona"
            },
            "timeouts": null,
            "timezone": "",
            "username": "applicationuser",
            "vpc_security_group_ids": [
              "sg-0580764e6d5a74a11"
            ]
          },
          "sensitive_attributes": [],
          "private": "eyJlMmJmYjczMC1lY2FhLTExZTYtOGY4OC0zNDM2M2JjN2M0YzAiOnsiY3JlYXRlIjoyNDAwMDAwMDAwMDAwLCJkZWxldGUiOjM2MDAwMDAwMDAwMDAsInVwZGF0ZSI6NDgwMDAwMDAwMDAwMH0sInNjaGVtYV92ZXJzaW9uIjoiMSJ9",
          "dependencies": [
            "aws_db_subnet_group.subnet-rds-movie-analyst",
            "aws_security_group.SG-Backend-LB",
            "aws_security_group.SG-Backend-movie-analyst",
            "aws_security_group.SG-Bastion-movie-analyst",
            "aws_security_group.SG-Frontend-LB",
            "aws_security_group.SG-Frontend-movie-analyst",
            "data.aws_subnet.ramp_up_training-private-0",
            "data.aws_subnet.ramp_up_training-private-1",
            "data.aws_vpc.ramp_up_training_vpc",
            "data.external.findmyip"
          ]
        }
      ]
    },
    {
      "mode": "managed",
      "type": "aws_db_subnet_group",
      "name": "subnet-rds-movie-analyst",
      "provider": "provider[\"registry.terraform.io/hashicorp/aws\"]",
      "instances": [
        {
          "schema_version": 0,
          "attributes": {
            "arn": "arn:aws:rds:us-west-1:961518039473:subgrp:subnet-rds-movie-analyst",
            "description": "Managed by Terraform",
            "id": "subnet-rds-movie-analyst",
            "name": "subnet-rds-movie-analyst",
            "name_prefix": null,
            "subnet_ids": [
              "subnet-038fa9d9a69d6561e",
              "subnet-0d74b59773148d704"
            ],
            "tags": {
              "Name": "SG-Backend-movie-analyst",
              "project": "ramp-up-devops",
              "responsible": "mateo.rincona"
            },
            "tags_all": {
              "Name": "SG-Backend-movie-analyst",
              "project": "ramp-up-devops",
              "responsible": "mateo.rincona"
            }
          },
          "sensitive_attributes": [],
          "private": "bnVsbA==",
          "dependencies": [
            "data.aws_subnet.ramp_up_training-private-0",
            "data.aws_subnet.ramp_up_training-private-1"
          ]
        }
      ]
    },
    {
      "mode": "managed",
      "type": "aws_instance",
      "name": "bastion",
      "provider": "provider[\"registry.terraform.io/hashicorp/aws\"]",
      "instances": [
        {
          "schema_version": 1,
          "attributes": {
            "ami": "ami-009726b835c24a3aa",
            "arn": "arn:aws:ec2:us-west-1:961518039473:instance/i-0023a21c99d39d9f8",
            "associate_public_ip_address": true,
            "availability_zone": "us-west-1c",
            "capacity_reservation_specification": [
              {
                "capacity_reservation_preference": "open",
                "capacity_reservation_target": []
              }
            ],
            "cpu_core_count": 1,
            "cpu_threads_per_core": 1,
            "credit_specification": [
              {
                "cpu_credits": "standard"
              }
            ],
            "disable_api_termination": false,
            "ebs_block_device": [],
            "ebs_optimized": false,
            "enclave_options": [
              {
                "enabled": false
              }
            ],
            "ephemeral_block_device": [],
            "get_password_data": false,
            "hibernation": false,
            "host_id": null,
            "iam_instance_profile": "",
            "id": "i-0023a21c99d39d9f8",
            "instance_initiated_shutdown_behavior": "stop",
            "instance_state": "running",
            "instance_type": "t2.micro",
            "ipv6_address_count": 0,
            "ipv6_addresses": [],
            "key_name": "mateo.rincona",
            "launch_template": [],
            "metadata_options": [
              {
                "http_endpoint": "enabled",
                "http_put_response_hop_limit": 1,
                "http_tokens": "optional",
                "instance_metadata_tags": "disabled"
              }
            ],
            "monitoring": false,
            "network_interface": [],
            "outpost_arn": "",
            "password_data": "",
            "placement_group": "",
            "placement_partition_number": null,
            "primary_network_interface_id": "eni-04b6027ba59071231",
            "private_dns": "ip-10-1-11-152.us-west-1.compute.internal",
            "private_ip": "10.1.11.152",
            "public_dns": "ec2-54-193-59-125.us-west-1.compute.amazonaws.com",
            "public_ip": "54.193.59.125",
            "root_block_device": [
              {
                "delete_on_termination": true,
                "device_name": "/dev/sda1",
                "encrypted": false,
                "iops": 100,
                "kms_key_id": "",
                "tags": {},
                "throughput": 0,
                "volume_id": "vol-004925395860072c9",
                "volume_size": 8,
                "volume_type": "gp2"
              }
            ],
            "secondary_private_ips": [],
            "security_groups": [
              "sg-05993df240ad5c1c6"
            ],
            "source_dest_check": true,
            "subnet_id": "subnet-055c41fce697f9cca",
            "tags": {
              "Name": "Bastion",
              "project": "ramp-up-devops",
              "responsible": "mateo.rincona"
            },
            "tags_all": {
              "Name": "Bastion",
              "project": "ramp-up-devops",
              "responsible": "mateo.rincona"
            },
            "tenancy": "default",
            "timeouts": null,
            "user_data": null,
            "user_data_base64": null,
            "volume_tags": {
              "Name": "Bastion",
              "project": "ramp-up-devops",
              "responsible": "mateo.rincona"
            },
            "vpc_security_group_ids": [
              "sg-05993df240ad5c1c6"
            ]
          },
          "sensitive_attributes": [],
          "private": "eyJlMmJmYjczMC1lY2FhLTExZTYtOGY4OC0zNDM2M2JjN2M0YzAiOnsiY3JlYXRlIjo2MDAwMDAwMDAwMDAsImRlbGV0ZSI6MTIwMDAwMDAwMDAwMCwidXBkYXRlIjo2MDAwMDAwMDAwMDB9LCJzY2hlbWFfdmVyc2lvbiI6IjEifQ==",
          "dependencies": [
            "aws_security_group.SG-Bastion-movie-analyst",
            "data.aws_key_pair.mateorincona",
            "data.aws_subnet.ramp_up_training-public-1",
            "data.aws_vpc.ramp_up_training_vpc",
            "data.external.findmyip"
          ]
        }
      ]
    },
    {
      "mode": "managed",
      "type": "aws_launch_template",
      "name": "Template-Backend",
      "provider": "provider[\"registry.terraform.io/hashicorp/aws\"]",
      "instances": [
        {
          "schema_version": 0,
          "attributes": {
            "arn": "arn:aws:ec2:us-west-1:961518039473:launch-template/lt-03b6426ce51c2d4e9",
            "block_device_mappings": [],
            "capacity_reservation_specification": [],
            "cpu_options": [],
            "credit_specification": [],
            "default_version": 1,
            "description": "Template for auto scaling group for backend movie-analyst-api",
            "disable_api_termination": false,
            "ebs_optimized": "",
            "elastic_gpu_specifications": [],
            "elastic_inference_accelerator": [],
            "enclave_options": [],
            "hibernation_options": [],
            "iam_instance_profile": [],
            "id": "lt-03b6426ce51c2d4e9",
            "image_id": "ami-009726b835c24a3aa",
            "instance_initiated_shutdown_behavior": "terminate",
            "instance_market_options": [],
            "instance_type": "t2.micro",
            "kernel_id": "",
            "key_name": "mateo.rincona",
            "latest_version": 1,
            "license_specification": [],
            "metadata_options": [],
            "monitoring": [],
            "name": "Template-Backend",
            "name_prefix": "",
            "network_interfaces": [],
            "placement": [],
            "ram_disk_id": "",
            "security_group_names": null,
            "tag_specifications": [
              {
                "resource_type": "instance",
                "tags": {
                  "Name": "Backend",
                  "project": "ramp-up-devops",
                  "responsible": "mateo.rincona"
                }
              },
              {
                "resource_type": "volume",
                "tags": {
                  "project": "ramp-up-devops",
                  "responsible": "mateo.rincona"
                }
              }
            ],
            "tags": null,
            "tags_all": {},
            "update_default_version": null,
            "user_data": "IyEvYmluL2Jhc2gKCiNhcHQtZ2V0IGluc3RhbGwgcHl0aG9uMy1waXAKI3BpcDMgaW5zdGFsbCAtLXVwZ3JhZGUgcGlwCiNweXRob24zIC1tIHBpcCBpbnN0YWxsIC0tdXNlciBhbnNpYmxlCgplY2hvICJQUk9WSVNJT05JTkcgLS0tLS0tLS0tLS0tLS0tLS0tLS0tLS0tLS0tLS0tLS0iCnNzaCB1YnVudHVAMTAuMS4xMS4xNTIgLS0gYW5zaWJsZS1wbGF5Ym9vayAtaSB+L21vdmllX2RlcC9JYUMvQW5zaWJsZS9hd3NfZWMyLnltbCAtZSAiREJfUEFTUz0nYXBwbGljYXRpb251c2VyJyBEQl9IT1NUPXRlcnJhZm9ybS0yMDIyMDUxMzE2MTIwNDA0ODUwMDAwMDAwMS5jeDAydXphZ3EzZmwudXMtd2VzdC0xLnJkcy5hbWF6b25hd3MuY29tIiAtLXByaXZhdGUta2V5IC9ob21lL3VidW50dS8uc3NoL2lkX3JzYSAtdSB1YnVudHUgfi9tb3ZpZXNfZGVwL0lhQy9BbnNpYmxlL2JhY2tlbmQueW1sCmVjaG8gIi0tLS0tLS0tLS0tLS0tLS0tLS0tLS0tLS0tLS0tLS0iCg==",
            "vpc_security_group_ids": [
              "sg-0580764e6d5a74a11"
            ]
          },
          "sensitive_attributes": [
            [
              {
                "type": "get_attr",
                "value": "user_data"
              }
            ]
          ],
          "private": "bnVsbA==",
          "dependencies": [
            "aws_db_instance.RDS-movie-analyst",
            "aws_db_subnet_group.subnet-rds-movie-analyst",
            "aws_instance.bastion",
            "aws_security_group.SG-Backend-LB",
            "aws_security_group.SG-Backend-movie-analyst",
            "aws_security_group.SG-Bastion-movie-analyst",
            "aws_security_group.SG-Frontend-LB",
            "aws_security_group.SG-Frontend-movie-analyst",
            "data.aws_key_pair.mateorincona",
            "data.aws_subnet.ramp_up_training-private-0",
            "data.aws_subnet.ramp_up_training-private-1",
            "data.aws_subnet.ramp_up_training-public-1",
            "data.aws_vpc.ramp_up_training_vpc",
            "data.external.findmyip",
            "null_resource.bastion"
          ]
        }
      ]
    },
    {
      "mode": "managed",
      "type": "aws_launch_template",
      "name": "Template-Frontend",
      "provider": "provider[\"registry.terraform.io/hashicorp/aws\"]",
      "instances": [
        {
          "schema_version": 0,
          "attributes": {
            "arn": "arn:aws:ec2:us-west-1:961518039473:launch-template/lt-0bf173b96a4893147",
            "block_device_mappings": [],
            "capacity_reservation_specification": [],
            "cpu_options": [],
            "credit_specification": [],
            "default_version": 1,
            "description": "Template for auto scaling group for frontend movie-analyst-ui",
            "disable_api_termination": false,
            "ebs_optimized": "",
            "elastic_gpu_specifications": [],
            "elastic_inference_accelerator": [],
            "enclave_options": [],
            "hibernation_options": [],
            "iam_instance_profile": [],
            "id": "lt-0bf173b96a4893147",
            "image_id": "ami-009726b835c24a3aa",
            "instance_initiated_shutdown_behavior": "terminate",
            "instance_market_options": [],
            "instance_type": "t2.micro",
            "kernel_id": "",
            "key_name": "mateo.rincona",
            "latest_version": 1,
            "license_specification": [],
            "metadata_options": [],
            "monitoring": [],
            "name": "Template-Frontend",
            "name_prefix": "",
            "network_interfaces": [],
            "placement": [],
            "ram_disk_id": "",
            "security_group_names": null,
            "tag_specifications": [
              {
                "resource_type": "instance",
                "tags": {
                  "Name": "Frontend",
                  "project": "ramp-up-devops",
                  "responsible": "mateo.rincona"
                }
              },
              {
                "resource_type": "volume",
                "tags": {
                  "project": "ramp-up-devops",
                  "responsible": "mateo.rincona"
                }
              }
            ],
            "tags": null,
            "tags_all": {},
            "update_default_version": null,
            "user_data": "IyEvYmluL2Jhc2gKCmVjaG8gIlBST1ZJU0lPTklORyAtLS0tLS0tLS0tLS0tLS0tLS0tLS0tLS0tLS0tLS0tLSIKc3NoIDEwLjEuMTEuMTUyIC0tIGFuc2libGUtcGxheWJvb2sgLWkgfi9tb3ZpZXNfZGVwL0lhQy9BbnNpYmxlL2F3c19lYzIueWFtbCAtZSAiQkFDS19IT1NUPWludGVybmFsLUFMQi1CYWNrZW5kLTYyNDM1MjExOS51cy13ZXN0LTEuZWxiLmFtYXpvbmF3cy5jb20iIC0tcHJpdmF0ZS1rZXkgL2hvbWUvdWJ1bnR1Ly5zc2gvaWRfcnNhIC11IHVidW50dSB+L21vdmllc19kZXAvSWFDL0Fuc2libGUvZnJvbnRlbmQueW1sCmVjaG8gIi0tLS0tLS0tLS0tLS0tLS0tLS0tLS0tLS0tLS0tLS0tLS0tLS0iCg==",
            "vpc_security_group_ids": [
              "sg-0cfc5b27dd6ee20f5"
            ]
          },
          "sensitive_attributes": [],
          "private": "bnVsbA==",
          "dependencies": [
            "aws_instance.bastion",
            "aws_lb.ALB-Backend",
            "aws_security_group.SG-Backend-LB",
            "aws_security_group.SG-Bastion-movie-analyst",
            "aws_security_group.SG-Frontend-LB",
            "aws_security_group.SG-Frontend-movie-analyst",
            "data.aws_key_pair.mateorincona",
            "data.aws_subnet.ramp_up_training-private-0",
            "data.aws_subnet.ramp_up_training-private-1",
            "data.aws_subnet.ramp_up_training-public-1",
            "data.aws_vpc.ramp_up_training_vpc",
            "data.external.findmyip"
          ]
        }
      ]
    },
    {
      "mode": "managed",
      "type": "aws_lb",
      "name": "ALB-Backend",
      "provider": "provider[\"registry.terraform.io/hashicorp/aws\"]",
      "instances": [
        {
          "schema_version": 0,
          "attributes": {
            "access_logs": [
              {
                "bucket": "",
                "enabled": false,
                "prefix": ""
              }
            ],
            "arn": "arn:aws:elasticloadbalancing:us-west-1:961518039473:loadbalancer/app/ALB-Backend/d4afccacd67fbd7e",
            "arn_suffix": "app/ALB-Backend/d4afccacd67fbd7e",
            "customer_owned_ipv4_pool": "",
            "desync_mitigation_mode": "defensive",
            "dns_name": "internal-ALB-Backend-624352119.us-west-1.elb.amazonaws.com",
            "drop_invalid_header_fields": false,
            "enable_cross_zone_load_balancing": null,
            "enable_deletion_protection": false,
            "enable_http2": true,
            "enable_waf_fail_open": false,
            "id": "arn:aws:elasticloadbalancing:us-west-1:961518039473:loadbalancer/app/ALB-Backend/d4afccacd67fbd7e",
            "idle_timeout": 60,
            "internal": true,
            "ip_address_type": "ipv4",
            "load_balancer_type": "application",
            "name": "ALB-Backend",
            "name_prefix": null,
            "security_groups": [
              "sg-0744856ba7d2070ef"
            ],
            "subnet_mapping": [
              {
                "allocation_id": "",
                "ipv6_address": "",
                "outpost_id": "",
                "private_ipv4_address": "",
                "subnet_id": "subnet-038fa9d9a69d6561e"
              },
              {
                "allocation_id": "",
                "ipv6_address": "",
                "outpost_id": "",
                "private_ipv4_address": "",
                "subnet_id": "subnet-0d74b59773148d704"
              }
            ],
            "subnets": [
              "subnet-038fa9d9a69d6561e",
              "subnet-0d74b59773148d704"
            ],
            "tags": {
              "project": "ramp-up-devops",
              "responsible": "mateo.rincona"
            },
            "tags_all": {
              "project": "ramp-up-devops",
              "responsible": "mateo.rincona"
            },
            "timeouts": null,
            "vpc_id": "vpc-0d2831659ef89870c",
            "zone_id": "Z368ELLRRE2KJ0"
          },
          "sensitive_attributes": [],
          "private": "eyJlMmJmYjczMC1lY2FhLTExZTYtOGY4OC0zNDM2M2JjN2M0YzAiOnsiY3JlYXRlIjo2MDAwMDAwMDAwMDAsImRlbGV0ZSI6NjAwMDAwMDAwMDAwLCJ1cGRhdGUiOjYwMDAwMDAwMDAwMH19",
          "dependencies": [
            "aws_security_group.SG-Backend-LB",
            "aws_security_group.SG-Bastion-movie-analyst",
            "aws_security_group.SG-Frontend-LB",
            "aws_security_group.SG-Frontend-movie-analyst",
            "data.aws_subnet.ramp_up_training-private-0",
            "data.aws_subnet.ramp_up_training-private-1",
            "data.aws_vpc.ramp_up_training_vpc",
            "data.external.findmyip"
          ]
        }
      ]
    },
    {
      "mode": "managed",
      "type": "aws_lb",
      "name": "ALB-Frontend",
      "provider": "provider[\"registry.terraform.io/hashicorp/aws\"]",
      "instances": [
        {
          "schema_version": 0,
          "attributes": {
            "access_logs": [
              {
                "bucket": "",
                "enabled": false,
                "prefix": ""
              }
            ],
            "arn": "arn:aws:elasticloadbalancing:us-west-1:961518039473:loadbalancer/app/ALB-Frontend/76fa7d36f932d582",
            "arn_suffix": "app/ALB-Frontend/76fa7d36f932d582",
            "customer_owned_ipv4_pool": "",
            "desync_mitigation_mode": "defensive",
            "dns_name": "ALB-Frontend-226060813.us-west-1.elb.amazonaws.com",
            "drop_invalid_header_fields": false,
            "enable_cross_zone_load_balancing": null,
            "enable_deletion_protection": false,
            "enable_http2": true,
            "enable_waf_fail_open": false,
            "id": "arn:aws:elasticloadbalancing:us-west-1:961518039473:loadbalancer/app/ALB-Frontend/76fa7d36f932d582",
            "idle_timeout": 60,
            "internal": false,
            "ip_address_type": "ipv4",
            "load_balancer_type": "application",
            "name": "ALB-Frontend",
            "name_prefix": null,
            "security_groups": [
              "sg-0be5a78d6ffbbd0f7"
            ],
            "subnet_mapping": [
              {
                "allocation_id": "",
                "ipv6_address": "",
                "outpost_id": "",
                "private_ipv4_address": "",
                "subnet_id": "subnet-055c41fce697f9cca"
              },
              {
                "allocation_id": "",
                "ipv6_address": "",
                "outpost_id": "",
                "private_ipv4_address": "",
                "subnet_id": "subnet-0d74b59773148d704"
              }
            ],
            "subnets": [
              "subnet-055c41fce697f9cca",
              "subnet-0d74b59773148d704"
            ],
            "tags": {
              "project": "ramp-up-devops",
              "responsible": "mateo.rincona"
            },
            "tags_all": {
              "project": "ramp-up-devops",
              "responsible": "mateo.rincona"
            },
            "timeouts": null,
            "vpc_id": "vpc-0d2831659ef89870c",
            "zone_id": "Z368ELLRRE2KJ0"
          },
          "sensitive_attributes": [],
          "private": "eyJlMmJmYjczMC1lY2FhLTExZTYtOGY4OC0zNDM2M2JjN2M0YzAiOnsiY3JlYXRlIjo2MDAwMDAwMDAwMDAsImRlbGV0ZSI6NjAwMDAwMDAwMDAwLCJ1cGRhdGUiOjYwMDAwMDAwMDAwMH19",
          "dependencies": [
            "aws_security_group.SG-Frontend-LB",
            "data.aws_subnet.ramp_up_training-private-0",
            "data.aws_subnet.ramp_up_training-public-1",
            "data.aws_vpc.ramp_up_training_vpc"
          ]
        }
      ]
    },
    {
      "mode": "managed",
      "type": "aws_lb_listener",
      "name": "backend",
      "provider": "provider[\"registry.terraform.io/hashicorp/aws\"]",
      "instances": [
        {
          "schema_version": 0,
          "attributes": {
            "alpn_policy": null,
            "arn": "arn:aws:elasticloadbalancing:us-west-1:961518039473:listener/app/ALB-Backend/d4afccacd67fbd7e/3f4b671b94761b62",
            "certificate_arn": null,
            "default_action": [
              {
                "authenticate_cognito": [],
                "authenticate_oidc": [],
                "fixed_response": [],
                "forward": [],
                "order": 1,
                "redirect": [],
                "target_group_arn": "arn:aws:elasticloadbalancing:us-west-1:961518039473:targetgroup/TG-Backend/cfd9287fd38fd059",
                "type": "forward"
              }
            ],
            "id": "arn:aws:elasticloadbalancing:us-west-1:961518039473:listener/app/ALB-Backend/d4afccacd67fbd7e/3f4b671b94761b62",
            "load_balancer_arn": "arn:aws:elasticloadbalancing:us-west-1:961518039473:loadbalancer/app/ALB-Backend/d4afccacd67fbd7e",
            "port": 3000,
            "protocol": "HTTP",
            "ssl_policy": "",
            "tags": {
              "project": "ramp-up-devops",
              "responsible": "mateo.rincona"
            },
            "tags_all": {
              "project": "ramp-up-devops",
              "responsible": "mateo.rincona"
            },
            "timeouts": null
          },
          "sensitive_attributes": [],
          "private": "eyJlMmJmYjczMC1lY2FhLTExZTYtOGY4OC0zNDM2M2JjN2M0YzAiOnsicmVhZCI6NjAwMDAwMDAwMDAwfX0=",
          "dependencies": [
            "aws_lb.ALB-Backend",
            "aws_lb_target_group.TG-Backend",
            "aws_security_group.SG-Backend-LB",
            "aws_security_group.SG-Bastion-movie-analyst",
            "aws_security_group.SG-Frontend-LB",
            "aws_security_group.SG-Frontend-movie-analyst",
            "data.aws_subnet.ramp_up_training-private-0",
            "data.aws_subnet.ramp_up_training-private-1",
            "data.aws_vpc.ramp_up_training_vpc",
            "data.external.findmyip"
          ]
        }
      ]
    },
    {
      "mode": "managed",
      "type": "aws_lb_listener",
      "name": "frontend",
      "provider": "provider[\"registry.terraform.io/hashicorp/aws\"]",
      "instances": [
        {
          "schema_version": 0,
          "attributes": {
            "alpn_policy": null,
            "arn": "arn:aws:elasticloadbalancing:us-west-1:961518039473:listener/app/ALB-Frontend/76fa7d36f932d582/6b1453752f0672c7",
            "certificate_arn": null,
            "default_action": [
              {
                "authenticate_cognito": [],
                "authenticate_oidc": [],
                "fixed_response": [],
                "forward": [],
                "order": 1,
                "redirect": [],
                "target_group_arn": "arn:aws:elasticloadbalancing:us-west-1:961518039473:targetgroup/TG-Frontend/e777a10c4d985aa6",
                "type": "forward"
              }
            ],
            "id": "arn:aws:elasticloadbalancing:us-west-1:961518039473:listener/app/ALB-Frontend/76fa7d36f932d582/6b1453752f0672c7",
            "load_balancer_arn": "arn:aws:elasticloadbalancing:us-west-1:961518039473:loadbalancer/app/ALB-Frontend/76fa7d36f932d582",
            "port": 80,
            "protocol": "HTTP",
            "ssl_policy": "",
            "tags": {
              "project": "ramp-up-devops",
              "responsible": "mateo.rincona"
            },
            "tags_all": {
              "project": "ramp-up-devops",
              "responsible": "mateo.rincona"
            },
            "timeouts": null
          },
          "sensitive_attributes": [],
          "private": "eyJlMmJmYjczMC1lY2FhLTExZTYtOGY4OC0zNDM2M2JjN2M0YzAiOnsicmVhZCI6NjAwMDAwMDAwMDAwfX0=",
          "dependencies": [
            "aws_lb.ALB-Frontend",
            "aws_lb_target_group.TG-Frontend",
            "aws_security_group.SG-Frontend-LB",
            "data.aws_subnet.ramp_up_training-private-0",
            "data.aws_subnet.ramp_up_training-public-1",
            "data.aws_vpc.ramp_up_training_vpc"
          ]
        }
      ]
    },
    {
      "mode": "managed",
      "type": "aws_lb_target_group",
      "name": "TG-Backend",
      "provider": "provider[\"registry.terraform.io/hashicorp/aws\"]",
      "instances": [
        {
          "schema_version": 0,
          "attributes": {
            "arn": "arn:aws:elasticloadbalancing:us-west-1:961518039473:targetgroup/TG-Backend/cfd9287fd38fd059",
            "arn_suffix": "targetgroup/TG-Backend/cfd9287fd38fd059",
            "connection_termination": false,
            "deregistration_delay": "300",
            "health_check": [
              {
                "enabled": true,
                "healthy_threshold": 5,
                "interval": 30,
                "matcher": "200",
                "path": "/",
                "port": "traffic-port",
                "protocol": "HTTP",
                "timeout": 5,
                "unhealthy_threshold": 2
              }
            ],
            "id": "arn:aws:elasticloadbalancing:us-west-1:961518039473:targetgroup/TG-Backend/cfd9287fd38fd059",
            "lambda_multi_value_headers_enabled": false,
            "load_balancing_algorithm_type": "round_robin",
            "name": "TG-Backend",
            "name_prefix": null,
            "port": 3000,
            "preserve_client_ip": null,
            "protocol": "HTTP",
            "protocol_version": "HTTP1",
            "proxy_protocol_v2": false,
            "slow_start": 0,
            "stickiness": [
              {
                "cookie_duration": 86400,
                "cookie_name": "",
                "enabled": false,
                "type": "lb_cookie"
              }
            ],
            "tags": {
              "project": "ramp-up-devops",
              "responsible": "mateo.rincona"
            },
            "tags_all": {
              "project": "ramp-up-devops",
              "responsible": "mateo.rincona"
            },
            "target_type": "instance",
            "vpc_id": "vpc-0d2831659ef89870c"
          },
          "sensitive_attributes": [],
          "private": "bnVsbA==",
          "dependencies": [
            "data.aws_vpc.ramp_up_training_vpc"
          ]
        }
      ]
    },
    {
      "mode": "managed",
      "type": "aws_lb_target_group",
      "name": "TG-Frontend",
      "provider": "provider[\"registry.terraform.io/hashicorp/aws\"]",
      "instances": [
        {
          "schema_version": 0,
          "attributes": {
            "arn": "arn:aws:elasticloadbalancing:us-west-1:961518039473:targetgroup/TG-Frontend/e777a10c4d985aa6",
            "arn_suffix": "targetgroup/TG-Frontend/e777a10c4d985aa6",
            "connection_termination": false,
            "deregistration_delay": "300",
            "health_check": [
              {
                "enabled": true,
                "healthy_threshold": 5,
                "interval": 30,
                "matcher": "200",
                "path": "/",
                "port": "traffic-port",
                "protocol": "HTTP",
                "timeout": 5,
                "unhealthy_threshold": 2
              }
            ],
            "id": "arn:aws:elasticloadbalancing:us-west-1:961518039473:targetgroup/TG-Frontend/e777a10c4d985aa6",
            "lambda_multi_value_headers_enabled": false,
            "load_balancing_algorithm_type": "round_robin",
            "name": "TG-Frontend",
            "name_prefix": null,
            "port": 3030,
            "preserve_client_ip": null,
            "protocol": "HTTP",
            "protocol_version": "HTTP1",
            "proxy_protocol_v2": false,
            "slow_start": 0,
            "stickiness": [
              {
                "cookie_duration": 86400,
                "cookie_name": "",
                "enabled": false,
                "type": "lb_cookie"
              }
            ],
            "tags": {
              "project": "ramp-up-devops",
              "responsible": "mateo.rincona"
            },
            "tags_all": {
              "project": "ramp-up-devops",
              "responsible": "mateo.rincona"
            },
            "target_type": "instance",
            "vpc_id": "vpc-0d2831659ef89870c"
          },
          "sensitive_attributes": [],
          "private": "bnVsbA==",
          "dependencies": [
            "data.aws_vpc.ramp_up_training_vpc"
          ]
        }
      ]
    },
    {
      "mode": "managed",
      "type": "aws_security_group",
      "name": "SG-Backend-LB",
      "provider": "provider[\"registry.terraform.io/hashicorp/aws\"]",
      "instances": [
        {
          "schema_version": 1,
          "attributes": {
            "arn": "arn:aws:ec2:us-west-1:961518039473:security-group/sg-0744856ba7d2070ef",
            "description": "Allow traffic from frontend instances",
            "egress": [
              {
                "cidr_blocks": [
                  "0.0.0.0/0"
                ],
                "description": "",
                "from_port": 0,
                "ipv6_cidr_blocks": [],
                "prefix_list_ids": [],
                "protocol": "-1",
                "security_groups": [],
                "self": false,
                "to_port": 0
              }
            ],
            "id": "sg-0744856ba7d2070ef",
            "ingress": [
              {
                "cidr_blocks": [],
                "description": "Allow access from Bastion through SSH",
                "from_port": 22,
                "ipv6_cidr_blocks": [],
                "prefix_list_ids": [],
                "protocol": "tcp",
                "security_groups": [
                  "sg-05993df240ad5c1c6"
                ],
                "self": false,
                "to_port": 22
              },
              {
                "cidr_blocks": [],
                "description": "Allow access from Bastion through port 3000",
                "from_port": 3000,
                "ipv6_cidr_blocks": [],
                "prefix_list_ids": [],
                "protocol": "tcp",
                "security_groups": [
                  "sg-05993df240ad5c1c6"
                ],
                "self": false,
                "to_port": 3000
              },
              {
                "cidr_blocks": [],
                "description": "Allow access from frontend security group",
                "from_port": 3000,
                "ipv6_cidr_blocks": [],
                "prefix_list_ids": [],
                "protocol": "tcp",
                "security_groups": [
                  "sg-0cfc5b27dd6ee20f5"
                ],
                "self": false,
                "to_port": 3000
              }
            ],
            "name": "SG-Backend-LB",
            "name_prefix": "",
            "owner_id": "961518039473",
            "revoke_rules_on_delete": false,
            "tags": {
              "Name": "SG-Backend-LB",
              "project": "ramp-up-devops",
              "responsible": "mateo.rincona"
            },
            "tags_all": {
              "Name": "SG-Backend-LB",
              "project": "ramp-up-devops",
              "responsible": "mateo.rincona"
            },
            "timeouts": null,
            "vpc_id": "vpc-0d2831659ef89870c"
          },
          "sensitive_attributes": [],
          "private": "eyJlMmJmYjczMC1lY2FhLTExZTYtOGY4OC0zNDM2M2JjN2M0YzAiOnsiY3JlYXRlIjo2MDAwMDAwMDAwMDAsImRlbGV0ZSI6OTAwMDAwMDAwMDAwfSwic2NoZW1hX3ZlcnNpb24iOiIxIn0=",
          "dependencies": [
            "aws_security_group.SG-Bastion-movie-analyst",
            "aws_security_group.SG-Frontend-LB",
            "aws_security_group.SG-Frontend-movie-analyst",
            "data.aws_vpc.ramp_up_training_vpc",
            "data.external.findmyip"
          ]
        }
      ]
    },
    {
      "mode": "managed",
      "type": "aws_security_group",
      "name": "SG-Backend-movie-analyst",
      "provider": "provider[\"registry.terraform.io/hashicorp/aws\"]",
      "instances": [
        {
          "schema_version": 1,
          "attributes": {
            "arn": "arn:aws:ec2:us-west-1:961518039473:security-group/sg-0580764e6d5a74a11",
            "description": "Allow inbound traffic from other sources",
            "egress": [
              {
                "cidr_blocks": [
                  "0.0.0.0/0"
                ],
                "description": "",
                "from_port": 0,
                "ipv6_cidr_blocks": [
                  "::/0"
                ],
                "prefix_list_ids": [],
                "protocol": "-1",
                "security_groups": [],
                "self": false,
                "to_port": 0
              }
            ],
            "id": "sg-0580764e6d5a74a11",
            "ingress": [
              {
                "cidr_blocks": [],
                "description": "Allow access from Bastion through SSH",
                "from_port": 22,
                "ipv6_cidr_blocks": [],
                "prefix_list_ids": [],
                "protocol": "tcp",
                "security_groups": [
                  "sg-05993df240ad5c1c6"
                ],
                "self": false,
                "to_port": 22
              },
              {
                "cidr_blocks": [],
                "description": "Allow access from Bastion through port 3000",
                "from_port": 3000,
                "ipv6_cidr_blocks": [],
                "prefix_list_ids": [],
                "protocol": "tcp",
                "security_groups": [
                  "sg-05993df240ad5c1c6",
                  "sg-0744856ba7d2070ef"
                ],
                "self": false,
                "to_port": 3000
              },
              {
                "cidr_blocks": [],
                "description": "Backend to RDS",
                "from_port": 3306,
                "ipv6_cidr_blocks": [],
                "prefix_list_ids": [],
                "protocol": "tcp",
                "security_groups": [],
                "self": true,
                "to_port": 3306
              }
            ],
            "name": "SG-Backend-movie-analyst",
            "name_prefix": "",
            "owner_id": "961518039473",
            "revoke_rules_on_delete": false,
            "tags": {
              "Name": "SG-Backend-movie-analyst",
              "project": "ramp-up-devops",
              "responsible": "mateo.rincona"
            },
            "tags_all": {
              "Name": "SG-Backend-movie-analyst",
              "project": "ramp-up-devops",
              "responsible": "mateo.rincona"
            },
            "timeouts": null,
            "vpc_id": "vpc-0d2831659ef89870c"
          },
          "sensitive_attributes": [],
          "private": "eyJlMmJmYjczMC1lY2FhLTExZTYtOGY4OC0zNDM2M2JjN2M0YzAiOnsiY3JlYXRlIjo2MDAwMDAwMDAwMDAsImRlbGV0ZSI6OTAwMDAwMDAwMDAwfSwic2NoZW1hX3ZlcnNpb24iOiIxIn0=",
          "dependencies": [
            "aws_security_group.SG-Backend-LB",
            "aws_security_group.SG-Bastion-movie-analyst",
            "aws_security_group.SG-Frontend-LB",
            "aws_security_group.SG-Frontend-movie-analyst",
            "data.aws_vpc.ramp_up_training_vpc",
            "data.external.findmyip"
          ]
        }
      ]
    },
    {
      "mode": "managed",
      "type": "aws_security_group",
      "name": "SG-Bastion-movie-analyst",
      "provider": "provider[\"registry.terraform.io/hashicorp/aws\"]",
      "instances": [
        {
          "schema_version": 1,
          "attributes": {
            "arn": "arn:aws:ec2:us-west-1:961518039473:security-group/sg-05993df240ad5c1c6",
            "description": "Allow Frontend Auto Scaling Instances inbound traffic",
            "egress": [
              {
                "cidr_blocks": [
                  "0.0.0.0/0"
                ],
                "description": "",
                "from_port": 0,
                "ipv6_cidr_blocks": [
                  "::/0"
                ],
                "prefix_list_ids": [],
                "protocol": "-1",
                "security_groups": [],
                "self": false,
                "to_port": 0
              }
            ],
            "id": "sg-05993df240ad5c1c6",
            "ingress": [
              {
                "cidr_blocks": [
                  "181.129.82.162/32"
                ],
                "description": "Local to Bastion",
                "from_port": 22,
                "ipv6_cidr_blocks": [],
                "prefix_list_ids": [],
                "protocol": "tcp",
                "security_groups": [],
                "self": false,
                "to_port": 22
              }
            ],
            "name": "SG-Bastion-movie-analyst",
            "name_prefix": "",
            "owner_id": "961518039473",
            "revoke_rules_on_delete": false,
            "tags": {
              "Name": "SG-Bastion-movie-analyst",
              "project": "ramp-up-devops",
              "responsible": "mateo.rincona"
            },
            "tags_all": {
              "Name": "SG-Bastion-movie-analyst",
              "project": "ramp-up-devops",
              "responsible": "mateo.rincona"
            },
            "timeouts": null,
            "vpc_id": "vpc-0d2831659ef89870c"
          },
          "sensitive_attributes": [],
          "private": "eyJlMmJmYjczMC1lY2FhLTExZTYtOGY4OC0zNDM2M2JjN2M0YzAiOnsiY3JlYXRlIjo2MDAwMDAwMDAwMDAsImRlbGV0ZSI6OTAwMDAwMDAwMDAwfSwic2NoZW1hX3ZlcnNpb24iOiIxIn0=",
          "dependencies": [
            "data.aws_vpc.ramp_up_training_vpc",
            "data.external.findmyip"
          ]
        }
      ]
    },
    {
      "mode": "managed",
      "type": "aws_security_group",
      "name": "SG-Frontend-LB",
      "provider": "provider[\"registry.terraform.io/hashicorp/aws\"]",
      "instances": [
        {
          "schema_version": 1,
          "attributes": {
            "arn": "arn:aws:ec2:us-west-1:961518039473:security-group/sg-0be5a78d6ffbbd0f7",
            "description": "Allow traffic from http",
            "egress": [
              {
                "cidr_blocks": [
                  "0.0.0.0/0"
                ],
                "description": "",
                "from_port": 0,
                "ipv6_cidr_blocks": [],
                "prefix_list_ids": [],
                "protocol": "-1",
                "security_groups": [],
                "self": false,
                "to_port": 0
              }
            ],
            "id": "sg-0be5a78d6ffbbd0f7",
            "ingress": [
              {
                "cidr_blocks": [
                  "0.0.0.0/0"
                ],
                "description": "Allow access from everywhere using http",
                "from_port": 80,
                "ipv6_cidr_blocks": [],
                "prefix_list_ids": [],
                "protocol": "tcp",
                "security_groups": [],
                "self": false,
                "to_port": 80
              }
            ],
            "name": "SG-Frontend-LB",
            "name_prefix": "",
            "owner_id": "961518039473",
            "revoke_rules_on_delete": false,
            "tags": {
              "Name": "SG-Frontend-LB",
              "project": "ramp-up-devops",
              "responsible": "mateo.rincona"
            },
            "tags_all": {
              "Name": "SG-Frontend-LB",
              "project": "ramp-up-devops",
              "responsible": "mateo.rincona"
            },
            "timeouts": null,
            "vpc_id": "vpc-0d2831659ef89870c"
          },
          "sensitive_attributes": [],
          "private": "eyJlMmJmYjczMC1lY2FhLTExZTYtOGY4OC0zNDM2M2JjN2M0YzAiOnsiY3JlYXRlIjo2MDAwMDAwMDAwMDAsImRlbGV0ZSI6OTAwMDAwMDAwMDAwfSwic2NoZW1hX3ZlcnNpb24iOiIxIn0=",
          "dependencies": [
            "data.aws_vpc.ramp_up_training_vpc"
          ]
        }
      ]
    },
    {
      "mode": "managed",
      "type": "aws_security_group",
      "name": "SG-Frontend-movie-analyst",
      "provider": "provider[\"registry.terraform.io/hashicorp/aws\"]",
      "instances": [
        {
          "schema_version": 1,
          "attributes": {
            "arn": "arn:aws:ec2:us-west-1:961518039473:security-group/sg-0cfc5b27dd6ee20f5",
            "description": "Allow Frontend Auto Scaling Instances inbound traffic",
            "egress": [
              {
                "cidr_blocks": [
                  "0.0.0.0/0"
                ],
                "description": "",
                "from_port": 0,
                "ipv6_cidr_blocks": [],
                "prefix_list_ids": [],
                "protocol": "-1",
                "security_groups": [],
                "self": false,
                "to_port": 0
              }
            ],
            "id": "sg-0cfc5b27dd6ee20f5",
            "ingress": [
              {
                "cidr_blocks": [],
                "description": "Allow access from ALB-Frontend",
                "from_port": 3030,
                "ipv6_cidr_blocks": [],
                "prefix_list_ids": [],
                "protocol": "tcp",
                "security_groups": [
                  "sg-05993df240ad5c1c6",
                  "sg-0be5a78d6ffbbd0f7"
                ],
                "self": false,
                "to_port": 3030
              },
              {
                "cidr_blocks": [],
                "description": "Allow access from Bastion through SSH",
                "from_port": 22,
                "ipv6_cidr_blocks": [],
                "prefix_list_ids": [],
                "protocol": "tcp",
                "security_groups": [
                  "sg-05993df240ad5c1c6"
                ],
                "self": false,
                "to_port": 22
              }
            ],
            "name": "SG-Frontend-movie-analyst",
            "name_prefix": "",
            "owner_id": "961518039473",
            "revoke_rules_on_delete": false,
            "tags": {
              "Name": "SG-Frontend-movie-analyst",
              "project": "ramp-up-devops",
              "responsible": "mateo.rincona"
            },
            "tags_all": {
              "Name": "SG-Frontend-movie-analyst",
              "project": "ramp-up-devops",
              "responsible": "mateo.rincona"
            },
            "timeouts": null,
            "vpc_id": "vpc-0d2831659ef89870c"
          },
          "sensitive_attributes": [],
          "private": "eyJlMmJmYjczMC1lY2FhLTExZTYtOGY4OC0zNDM2M2JjN2M0YzAiOnsiY3JlYXRlIjo2MDAwMDAwMDAwMDAsImRlbGV0ZSI6OTAwMDAwMDAwMDAwfSwic2NoZW1hX3ZlcnNpb24iOiIxIn0=",
          "dependencies": [
            "aws_security_group.SG-Bastion-movie-analyst",
            "aws_security_group.SG-Frontend-LB",
            "data.aws_vpc.ramp_up_training_vpc",
            "data.external.findmyip"
          ]
        }
      ]
    },
    {
      "mode": "managed",
      "type": "aws_security_group_rule",
      "name": "back_bastion",
      "provider": "provider[\"registry.terraform.io/hashicorp/aws\"]",
      "instances": [
        {
          "schema_version": 2,
          "attributes": {
            "cidr_blocks": null,
            "description": "Back to Bastion",
            "from_port": 22,
            "id": "sgrule-2973168606",
            "ipv6_cidr_blocks": null,
            "prefix_list_ids": null,
            "protocol": "tcp",
            "security_group_id": "sg-05993df240ad5c1c6",
            "self": false,
            "source_security_group_id": "sg-0580764e6d5a74a11",
            "to_port": 22,
            "type": "ingress"
          },
          "sensitive_attributes": [],
          "private": "eyJzY2hlbWFfdmVyc2lvbiI6IjIifQ==",
          "dependencies": [
            "aws_security_group.SG-Backend-LB",
            "aws_security_group.SG-Backend-movie-analyst",
            "aws_security_group.SG-Bastion-movie-analyst",
            "aws_security_group.SG-Frontend-LB",
            "aws_security_group.SG-Frontend-movie-analyst",
            "data.aws_vpc.ramp_up_training_vpc",
            "data.external.findmyip"
          ]
        }
      ]
    },
    {
      "mode": "managed",
      "type": "aws_security_group_rule",
      "name": "front_bastion",
      "provider": "provider[\"registry.terraform.io/hashicorp/aws\"]",
      "instances": [
        {
          "schema_version": 2,
          "attributes": {
            "cidr_blocks": null,
            "description": "Front to Bastion",
            "from_port": 22,
            "id": "sgrule-2363801878",
            "ipv6_cidr_blocks": null,
            "prefix_list_ids": null,
            "protocol": "tcp",
            "security_group_id": "sg-05993df240ad5c1c6",
            "self": false,
            "source_security_group_id": "sg-0cfc5b27dd6ee20f5",
            "to_port": 22,
            "type": "ingress"
          },
          "sensitive_attributes": [],
          "private": "eyJzY2hlbWFfdmVyc2lvbiI6IjIifQ==",
          "dependencies": [
            "aws_security_group.SG-Bastion-movie-analyst",
            "aws_security_group.SG-Frontend-LB",
            "aws_security_group.SG-Frontend-movie-analyst",
            "data.aws_vpc.ramp_up_training_vpc",
            "data.external.findmyip"
          ]
        }
      ]
    },
    {
      "mode": "managed",
      "type": "null_resource",
      "name": "bastion",
      "provider": "provider[\"registry.terraform.io/hashicorp/null\"]",
      "instances": [
        {
          "schema_version": 0,
          "attributes": {
            "id": "6417392585749683827",
            "triggers": null
          },
          "sensitive_attributes": [],
          "private": "bnVsbA==",
          "dependencies": [
            "aws_instance.bastion",
            "aws_security_group.SG-Bastion-movie-analyst",
            "data.aws_key_pair.mateorincona",
            "data.aws_subnet.ramp_up_training-public-1",
            "data.aws_vpc.ramp_up_training_vpc",
            "data.external.findmyip"
          ]
        }
      ]
    }
  ]
}
