{
  "version": 4,
  "terraform_version": "1.1.8",
  "serial": 1657,
  "lineage": "41718407-458b-3a1f-8545-cdf2159dedca",
  "outputs": {},
  "resources": [
    {
      "mode": "data",
      "type": "aws_key_pair",
      "name": "mateorincona",
      "provider": "provider[\"registry.terraform.io/hashicorp/aws\"]",
      "instances": [
        {
          "schema_version": 0,
          "attributes": {
            "arn": "arn:aws:ec2:us-west-1:961518039473:key-pair/mateo.rincona",
            "filter": null,
            "fingerprint": "2b:d6:02:1d:a6:28:65:27:64:68:df:29:9c:0e:4a:94:b7:4c:10:8e",
            "id": "key-099dea8cdaf759923",
            "key_name": "mateo.rincona",
            "key_pair_id": "key-099dea8cdaf759923",
            "tags": {
              "project": "ramp-up-devops",
              "responsible": "mateo.rincona"
            }
          },
          "sensitive_attributes": []
        }
      ]
    },
    {
      "mode": "data",
      "type": "aws_subnet",
      "name": "ramp_up_training-private-0",
      "provider": "provider[\"registry.terraform.io/hashicorp/aws\"]",
      "instances": [
        {
          "schema_version": 0,
          "attributes": {
            "arn": "arn:aws:ec2:us-west-1:961518039473:subnet/subnet-0d74b59773148d704",
            "assign_ipv6_address_on_creation": false,
            "availability_zone": "us-west-1a",
            "availability_zone_id": "usw1-az1",
            "available_ip_address_count": 2037,
            "cidr_block": "10.1.80.0/21",
            "customer_owned_ipv4_pool": "",
            "default_for_az": false,
            "enable_dns64": false,
            "enable_resource_name_dns_a_record_on_launch": false,
            "enable_resource_name_dns_aaaa_record_on_launch": false,
            "filter": null,
            "id": "subnet-0d74b59773148d704",
            "ipv6_cidr_block": "",
            "ipv6_cidr_block_association_id": "",
            "ipv6_native": false,
            "map_customer_owned_ip_on_launch": false,
            "map_public_ip_on_launch": false,
            "outpost_arn": "",
            "owner_id": "961518039473",
            "private_dns_hostname_type_on_launch": "ip-name",
            "state": "available",
            "tags": {
              "Name": "ramp_up_training-private-0"
            },
            "vpc_id": "vpc-0d2831659ef89870c"
          },
          "sensitive_attributes": []
        }
      ]
    },
    {
      "mode": "data",
      "type": "aws_subnet",
      "name": "ramp_up_training-private-1",
      "provider": "provider[\"registry.terraform.io/hashicorp/aws\"]",
      "instances": [
        {
          "schema_version": 0,
          "attributes": {
            "arn": "arn:aws:ec2:us-west-1:961518039473:subnet/subnet-038fa9d9a69d6561e",
            "assign_ipv6_address_on_creation": false,
            "availability_zone": "us-west-1c",
            "availability_zone_id": "usw1-az3",
            "available_ip_address_count": 2037,
            "cidr_block": "10.1.88.0/21",
            "customer_owned_ipv4_pool": "",
            "default_for_az": false,
            "enable_dns64": false,
            "enable_resource_name_dns_a_record_on_launch": false,
            "enable_resource_name_dns_aaaa_record_on_launch": false,
            "filter": null,
            "id": "subnet-038fa9d9a69d6561e",
            "ipv6_cidr_block": "",
            "ipv6_cidr_block_association_id": "",
            "ipv6_native": false,
            "map_customer_owned_ip_on_launch": false,
            "map_public_ip_on_launch": false,
            "outpost_arn": "",
            "owner_id": "961518039473",
            "private_dns_hostname_type_on_launch": "ip-name",
            "state": "available",
            "tags": {
              "Name": "ramp_up_training-private-1"
            },
            "vpc_id": "vpc-0d2831659ef89870c"
          },
          "sensitive_attributes": []
        }
      ]
    },
    {
      "mode": "data",
      "type": "aws_subnet",
      "name": "ramp_up_training-public-1",
      "provider": "provider[\"registry.terraform.io/hashicorp/aws\"]",
      "instances": [
        {
          "schema_version": 0,
          "attributes": {
            "arn": "arn:aws:ec2:us-west-1:961518039473:subnet/subnet-055c41fce697f9cca",
            "assign_ipv6_address_on_creation": false,
            "availability_zone": "us-west-1c",
            "availability_zone_id": "usw1-az3",
            "available_ip_address_count": 2027,
            "cidr_block": "10.1.8.0/21",
            "customer_owned_ipv4_pool": "",
            "default_for_az": false,
            "enable_dns64": false,
            "enable_resource_name_dns_a_record_on_launch": false,
            "enable_resource_name_dns_aaaa_record_on_launch": false,
            "filter": null,
            "id": "subnet-055c41fce697f9cca",
            "ipv6_cidr_block": "",
            "ipv6_cidr_block_association_id": "",
            "ipv6_native": false,
            "map_customer_owned_ip_on_launch": false,
            "map_public_ip_on_launch": true,
            "outpost_arn": "",
            "owner_id": "961518039473",
            "private_dns_hostname_type_on_launch": "ip-name",
            "state": "available",
            "tags": {
              "Name": "ramp_up_training-public-1"
            },
            "vpc_id": "vpc-0d2831659ef89870c"
          },
          "sensitive_attributes": []
        }
      ]
    },
    {
      "mode": "data",
      "type": "aws_vpc",
      "name": "ramp_up_training_vpc",
      "provider": "provider[\"registry.terraform.io/hashicorp/aws\"]",
      "instances": [
        {
          "schema_version": 0,
          "attributes": {
            "arn": "arn:aws:ec2:us-west-1:961518039473:vpc/vpc-0d2831659ef89870c",
            "cidr_block": "10.1.0.0/16",
            "cidr_block_associations": [
              {
                "association_id": "vpc-cidr-assoc-01815efd6a5df2a0a",
                "cidr_block": "10.1.0.0/16",
                "state": "associated"
              }
            ],
            "default": false,
            "dhcp_options_id": "dopt-553f7230",
            "enable_dns_hostnames": true,
            "enable_dns_support": true,
            "filter": null,
            "id": "vpc-0d2831659ef89870c",
            "instance_tenancy": "default",
            "ipv6_association_id": "",
            "ipv6_cidr_block": "",
            "main_route_table_id": "rtb-03654b638b2fa05dc",
            "owner_id": "961518039473",
            "state": null,
            "tags": {
              "Name": "ramp_up_training"
            }
          },
          "sensitive_attributes": []
        }
      ]
    },
    {
      "mode": "data",
      "type": "external",
      "name": "findmyip",
      "provider": "provider[\"registry.terraform.io/hashicorp/external\"]",
      "instances": [
        {
          "schema_version": 0,
          "attributes": {
            "id": "-",
            "program": [
              "/bin/bash",
              "./findmyip.sh"
            ],
            "query": null,
            "result": {
              "internet_ip": "181.136.106.87"
            },
            "working_dir": null
          },
          "sensitive_attributes": []
        }
      ]
    },
    {
      "mode": "managed",
      "type": "aws_autoscaling_group",
      "name": "AS-Backend",
      "provider": "provider[\"registry.terraform.io/hashicorp/aws\"]",
      "instances": []
    },
    {
      "mode": "managed",
      "type": "aws_autoscaling_group",
      "name": "AS-Frontend",
      "provider": "provider[\"registry.terraform.io/hashicorp/aws\"]",
      "instances": []
    },
    {
      "mode": "managed",
      "type": "aws_db_instance",
      "name": "RDS-movie-analyst",
      "provider": "provider[\"registry.terraform.io/hashicorp/aws\"]",
      "instances": []
    },
    {
      "mode": "managed",
      "type": "aws_db_subnet_group",
      "name": "subnet-rds-movie-analyst",
      "provider": "provider[\"registry.terraform.io/hashicorp/aws\"]",
      "instances": [
        {
          "schema_version": 0,
          "attributes": {
            "arn": "arn:aws:rds:us-west-1:961518039473:subgrp:subnet-rds-movie-analyst",
            "description": "Managed by Terraform",
            "id": "subnet-rds-movie-analyst",
            "name": "subnet-rds-movie-analyst",
            "name_prefix": null,
            "subnet_ids": [
              "subnet-038fa9d9a69d6561e",
              "subnet-0d74b59773148d704"
            ],
            "tags": {
              "Name": "SG-Backend-movie-analyst",
              "project": "ramp-up-devops",
              "responsible": "mateo.rincona"
            },
            "tags_all": {
              "Name": "SG-Backend-movie-analyst",
              "project": "ramp-up-devops",
              "responsible": "mateo.rincona"
            }
          },
          "sensitive_attributes": [],
          "private": "bnVsbA==",
          "dependencies": [
            "data.aws_subnet.ramp_up_training-private-0",
            "data.aws_subnet.ramp_up_training-private-1"
          ]
        }
      ]
    },
    {
      "mode": "managed",
      "type": "aws_instance",
      "name": "bastion",
      "provider": "provider[\"registry.terraform.io/hashicorp/aws\"]",
      "instances": []
    },
    {
      "mode": "managed",
      "type": "aws_launch_template",
      "name": "Template-Backend",
      "provider": "provider[\"registry.terraform.io/hashicorp/aws\"]",
      "instances": []
    },
    {
      "mode": "managed",
      "type": "aws_launch_template",
      "name": "Template-Frontend",
      "provider": "provider[\"registry.terraform.io/hashicorp/aws\"]",
      "instances": []
    },
    {
      "mode": "managed",
      "type": "aws_lb",
      "name": "ALB-Backend",
      "provider": "provider[\"registry.terraform.io/hashicorp/aws\"]",
      "instances": []
    },
    {
      "mode": "managed",
      "type": "aws_lb",
      "name": "ALB-Frontend",
      "provider": "provider[\"registry.terraform.io/hashicorp/aws\"]",
      "instances": []
    },
    {
      "mode": "managed",
      "type": "aws_lb_listener",
      "name": "backend",
      "provider": "provider[\"registry.terraform.io/hashicorp/aws\"]",
      "instances": []
    },
    {
      "mode": "managed",
      "type": "aws_lb_listener",
      "name": "frontend",
      "provider": "provider[\"registry.terraform.io/hashicorp/aws\"]",
      "instances": []
    },
    {
      "mode": "managed",
      "type": "aws_lb_target_group",
      "name": "TG-Backend",
      "provider": "provider[\"registry.terraform.io/hashicorp/aws\"]",
      "instances": [
        {
          "schema_version": 0,
          "attributes": {
            "arn": "arn:aws:elasticloadbalancing:us-west-1:961518039473:targetgroup/TG-Backend/019e1e50cabb27b9",
            "arn_suffix": "targetgroup/TG-Backend/019e1e50cabb27b9",
            "connection_termination": false,
            "deregistration_delay": "300",
            "health_check": [
              {
                "enabled": true,
                "healthy_threshold": 5,
                "interval": 30,
                "matcher": "200",
                "path": "/",
                "port": "traffic-port",
                "protocol": "HTTP",
                "timeout": 5,
                "unhealthy_threshold": 2
              }
            ],
            "id": "arn:aws:elasticloadbalancing:us-west-1:961518039473:targetgroup/TG-Backend/019e1e50cabb27b9",
            "lambda_multi_value_headers_enabled": false,
            "load_balancing_algorithm_type": "round_robin",
            "name": "TG-Backend",
            "name_prefix": null,
            "port": 3000,
            "preserve_client_ip": null,
            "protocol": "HTTP",
            "protocol_version": "HTTP1",
            "proxy_protocol_v2": false,
            "slow_start": 0,
            "stickiness": [
              {
                "cookie_duration": 86400,
                "cookie_name": "",
                "enabled": false,
                "type": "lb_cookie"
              }
            ],
            "tags": {
              "project": "ramp-up-devops",
              "responsible": "mateo.rincona"
            },
            "tags_all": {
              "project": "ramp-up-devops",
              "responsible": "mateo.rincona"
            },
            "target_type": "instance",
            "vpc_id": "vpc-0d2831659ef89870c"
          },
          "sensitive_attributes": [],
          "private": "bnVsbA==",
          "dependencies": [
            "data.aws_vpc.ramp_up_training_vpc"
          ]
        }
      ]
    },
    {
      "mode": "managed",
      "type": "aws_lb_target_group",
      "name": "TG-Frontend",
      "provider": "provider[\"registry.terraform.io/hashicorp/aws\"]",
      "instances": [
        {
          "schema_version": 0,
          "attributes": {
            "arn": "arn:aws:elasticloadbalancing:us-west-1:961518039473:targetgroup/TG-Frontend/4ae32ed5c4170f90",
            "arn_suffix": "targetgroup/TG-Frontend/4ae32ed5c4170f90",
            "connection_termination": false,
            "deregistration_delay": "300",
            "health_check": [
              {
                "enabled": true,
                "healthy_threshold": 5,
                "interval": 30,
                "matcher": "200",
                "path": "/",
                "port": "traffic-port",
                "protocol": "HTTP",
                "timeout": 5,
                "unhealthy_threshold": 2
              }
            ],
            "id": "arn:aws:elasticloadbalancing:us-west-1:961518039473:targetgroup/TG-Frontend/4ae32ed5c4170f90",
            "lambda_multi_value_headers_enabled": false,
            "load_balancing_algorithm_type": "round_robin",
            "name": "TG-Frontend",
            "name_prefix": null,
            "port": 3030,
            "preserve_client_ip": null,
            "protocol": "HTTP",
            "protocol_version": "HTTP1",
            "proxy_protocol_v2": false,
            "slow_start": 0,
            "stickiness": [
              {
                "cookie_duration": 86400,
                "cookie_name": "",
                "enabled": false,
                "type": "lb_cookie"
              }
            ],
            "tags": {
              "project": "ramp-up-devops",
              "responsible": "mateo.rincona"
            },
            "tags_all": {
              "project": "ramp-up-devops",
              "responsible": "mateo.rincona"
            },
            "target_type": "instance",
            "vpc_id": "vpc-0d2831659ef89870c"
          },
          "sensitive_attributes": [],
          "private": "bnVsbA==",
          "dependencies": [
            "data.aws_vpc.ramp_up_training_vpc"
          ]
        }
      ]
    },
    {
      "mode": "managed",
      "type": "aws_security_group",
      "name": "SG-Backend-LB",
      "provider": "provider[\"registry.terraform.io/hashicorp/aws\"]",
      "instances": []
    },
    {
      "mode": "managed",
      "type": "aws_security_group",
      "name": "SG-Backend-movie-analyst",
      "provider": "provider[\"registry.terraform.io/hashicorp/aws\"]",
      "instances": []
    },
    {
      "mode": "managed",
      "type": "aws_security_group",
      "name": "SG-Bastion-movie-analyst",
      "provider": "provider[\"registry.terraform.io/hashicorp/aws\"]",
      "instances": [
        {
          "schema_version": 1,
          "attributes": {
            "arn": "arn:aws:ec2:us-west-1:961518039473:security-group/sg-028531b6f97891b89",
            "description": "Allow Frontend Auto Scaling Instances inbound traffic",
            "egress": [
              {
                "cidr_blocks": [
                  "0.0.0.0/0"
                ],
                "description": "",
                "from_port": 0,
                "ipv6_cidr_blocks": [
                  "::/0"
                ],
                "prefix_list_ids": [],
                "protocol": "-1",
                "security_groups": [],
                "self": false,
                "to_port": 0
              }
            ],
            "id": "sg-028531b6f97891b89",
            "ingress": [
              {
                "cidr_blocks": [
                  "181.136.106.87/32"
                ],
                "description": "Local to Bastion",
                "from_port": 22,
                "ipv6_cidr_blocks": [],
                "prefix_list_ids": [],
                "protocol": "tcp",
                "security_groups": [],
                "self": false,
                "to_port": 22
              }
            ],
            "name": "SG-Bastion-movie-analyst",
            "name_prefix": "",
            "owner_id": "961518039473",
            "revoke_rules_on_delete": false,
            "tags": {
              "Name": "SG-Bastion-movie-analyst",
              "project": "ramp-up-devops",
              "responsible": "mateo.rincona"
            },
            "tags_all": {
              "Name": "SG-Bastion-movie-analyst",
              "project": "ramp-up-devops",
              "responsible": "mateo.rincona"
            },
            "timeouts": null,
            "vpc_id": "vpc-0d2831659ef89870c"
          },
          "sensitive_attributes": [],
          "private": "eyJlMmJmYjczMC1lY2FhLTExZTYtOGY4OC0zNDM2M2JjN2M0YzAiOnsiY3JlYXRlIjo2MDAwMDAwMDAwMDAsImRlbGV0ZSI6OTAwMDAwMDAwMDAwfSwic2NoZW1hX3ZlcnNpb24iOiIxIn0=",
          "dependencies": [
            "data.aws_vpc.ramp_up_training_vpc",
            "data.external.findmyip"
          ]
        }
      ]
    },
    {
      "mode": "managed",
      "type": "aws_security_group",
      "name": "SG-Frontend-LB",
      "provider": "provider[\"registry.terraform.io/hashicorp/aws\"]",
      "instances": [
        {
          "schema_version": 1,
          "attributes": {
            "arn": "arn:aws:ec2:us-west-1:961518039473:security-group/sg-048b03b41de64f11b",
            "description": "Allow traffic from http",
            "egress": [
              {
                "cidr_blocks": [
                  "0.0.0.0/0"
                ],
                "description": "",
                "from_port": 0,
                "ipv6_cidr_blocks": [],
                "prefix_list_ids": [],
                "protocol": "-1",
                "security_groups": [],
                "self": false,
                "to_port": 0
              }
            ],
            "id": "sg-048b03b41de64f11b",
            "ingress": [
              {
                "cidr_blocks": [
                  "0.0.0.0/0"
                ],
                "description": "Allow access from everywhere using http",
                "from_port": 80,
                "ipv6_cidr_blocks": [],
                "prefix_list_ids": [],
                "protocol": "tcp",
                "security_groups": [],
                "self": false,
                "to_port": 80
              }
            ],
            "name": "SG-Frontend-LB",
            "name_prefix": "",
            "owner_id": "961518039473",
            "revoke_rules_on_delete": false,
            "tags": {
              "Name": "SG-Frontend-LB",
              "project": "ramp-up-devops",
              "responsible": "mateo.rincona"
            },
            "tags_all": {
              "Name": "SG-Frontend-LB",
              "project": "ramp-up-devops",
              "responsible": "mateo.rincona"
            },
            "timeouts": null,
            "vpc_id": "vpc-0d2831659ef89870c"
          },
          "sensitive_attributes": [],
          "private": "eyJlMmJmYjczMC1lY2FhLTExZTYtOGY4OC0zNDM2M2JjN2M0YzAiOnsiY3JlYXRlIjo2MDAwMDAwMDAwMDAsImRlbGV0ZSI6OTAwMDAwMDAwMDAwfSwic2NoZW1hX3ZlcnNpb24iOiIxIn0=",
          "dependencies": [
            "data.aws_vpc.ramp_up_training_vpc"
          ]
        }
      ]
    },
    {
      "mode": "managed",
      "type": "aws_security_group",
      "name": "SG-Frontend-movie-analyst",
      "provider": "provider[\"registry.terraform.io/hashicorp/aws\"]",
      "instances": []
    },
    {
      "mode": "managed",
      "type": "aws_security_group_rule",
      "name": "back_bastion",
      "provider": "provider[\"registry.terraform.io/hashicorp/aws\"]",
      "instances": []
    },
    {
      "mode": "managed",
      "type": "aws_security_group_rule",
      "name": "front_bastion",
      "provider": "provider[\"registry.terraform.io/hashicorp/aws\"]",
      "instances": []
    },
    {
      "mode": "managed",
      "type": "null_resource",
      "name": "bastion",
      "provider": "provider[\"registry.terraform.io/hashicorp/null\"]",
      "instances": []
    }
  ]
}
